{
    "version": 3,
    "terraform_version": "0.11.3",
    "serial": 13,
    "lineage": "953d36b4-ba14-4829-96d2-0a07a0140b5c",
    "modules": [
        {
            "path": [
                "root"
            ],
            "outputs": {},
            "resources": {
                "azurerm_application_gateway.App_Gw": {
                    "type": "azurerm_application_gateway",
                    "depends_on": [
                        "azurerm_public_ip.AppGw_pip",
                        "azurerm_resource_group.rg",
                        "azurerm_subnet.appgw_subnet"
                    ],
                    "primary": {
                        "id": "/subscriptions/bbe45b93-2296-483e-826c-1494457718f3/resourceGroups/BD/providers/Microsoft.Network/applicationGateways/BD-AppGw",
                        "attributes": {
                            "authentication_certificate.#": "1",
                            "authentication_certificate.0.data": "c3ViamVjdD0vQz1VUy9TVD1OSi9MPUZyYW5rbGluIExha2VzL089QmVjdG9uLCBEaWNraW5zb24gYW5kIENvbXBhbnkvQ049Ki5jYXJlZnVzaW9uYW5hbHl0aWNzLmNvbQppc3N1ZXI9L0M9VVMvTz1EaWdpQ2VydCBJbmMvT1U9d3d3LmRpZ2ljZXJ0LmNvbS9DTj1EaWdpQ2VydCBTSEEyIEhpZ2ggQXNzdXJhbmNlIFNlcnZlciBDQQotLS0tLUJFR0lOIENFUlRJRklDQVRFLS0tLS0KTUlJRmhqQ0NCRzZnQXdJQkFnSVFBVW01ZXhtMlZZNkl5dE1OZnlwT2ZUQU5CZ2txaGtpRzl3MEJBUXNGQURCdwpNUXN3Q1FZRFZRUUdFd0pWVXpFVk1CTUdBMVVFQ2hNTVJHbG5hVU5sY25RZ1NXNWpNUmt3RndZRFZRUUxFeEIzCmQzY3VaR2xuYVdObGNuUXVZMjl0TVM4d0xRWURWUVFERXlaRWFXZHBRMlZ5ZENCVFNFRXlJRWhwWjJnZ1FYTnoKZFhKaGJtTmxJRk5sY25abGNpQkRRVEFlRncweE5qQXpNVGd3TURBd01EQmFGdzB4T0RBMU1qSXhNakF3TURCYQpNSDh4Q3pBSkJnTlZCQVlUQWxWVE1Rc3dDUVlEVlFRSUV3Sk9TakVYTUJVR0ExVUVCeE1PUm5KaGJtdHNhVzRnClRHRnJaWE14SmpBa0JnTlZCQW9USFVKbFkzUnZiaXdnUkdsamEybHVjMjl1SUdGdVpDQkRiMjF3WVc1NU1TSXcKSUFZRFZRUUREQmtxTG1OaGNtVm1kWE5wYjI1aGJtRnNlWFJwWTNNdVkyOXRNSUlCSWpBTkJna3Foa2lHOXcwQgpBUUVGQUFPQ0FROEFNSUlCQ2dLQ0FRRUE0Ty8xRnl4NFEwNG1pNHA1OENXM0lhTjFqTVJXVWdVQXhzdUdUN21FCkpOTUFoTXlCUjk3UzFjeEpaOXpNcGt3Ukl5VUx1TXZOdGhkVW43RGZPSnBneUdTVURHWXcyUkhxNFZRQWJvL3kKNVlITEdRV0dDeUYzUkJod0ozUGpudytUY2JkSm51bU1mZVFNWnh3L3dUYVVFS1Z1RUtKMTZhUFZJVE80ZENVagpHUVMyc2x0SU9MUGkySi94TWo3UnJydUdrdm5hVUVYQTZPSWdIaHVIYUVyMmZkRXRxdWMzUjg2RlYwZVRyUlN2Ckw1RWIxTTFsb2tEejJ5WjZON1JpOVAxczkxME40alVCTnJDSTZsNXlrVG5BNGFYQU5zd3Y3UTBtck1RTmZsSTMKNGFjSVNrSkMzTHhtalZWN2dCTUU0SmE4WmNuSkZBUGI3KzRIUzZ0aFBmRzhFd0lEQVFBQm80SUNDekNDQWdjdwpId1lEVlIwakJCZ3dGb0FVVVdqL2tLOENCM1U4ek5sbFpHS2lFcmhaY2pzd0hRWURWUjBPQkJZRUZCQUdRaEt4CkF3cVZnVEwzY0JRMFF6SWpNMWRvTUQwR0ExVWRFUVEyTURTQ0dTb3VZMkZ5WldaMWMybHZibUZ1WVd4NWRHbGoKY3k1amIyMkNGMk5oY21WbWRYTnBiMjVoYm1Gc2VYUnBZM011WTI5dE1BNEdBMVVkRHdFQi93UUVBd0lGb0RBZApCZ05WSFNVRUZqQVVCZ2dyQmdFRkJRY0RBUVlJS3dZQkJRVUhBd0l3ZFFZRFZSMGZCRzR3YkRBMG9ES2dNSVl1CmFIUjBjRG92TDJOeWJETXVaR2xuYVdObGNuUXVZMjl0TDNOb1lUSXRhR0V0YzJWeWRtVnlMV2MxTG1OeWJEQTAKb0RLZ01JWXVhSFIwY0RvdkwyTnliRFF1WkdsbmFXTmxjblF1WTI5dEwzTm9ZVEl0YUdFdGMyVnlkbVZ5TFdjMQpMbU55YkRCTUJnTlZIU0FFUlRCRE1EY0dDV0NHU0FHRy9Xd0JBVEFxTUNnR0NDc0dBUVVGQndJQkZoeG9kSFJ3CmN6b3ZMM2QzZHk1a2FXZHBZMlZ5ZEM1amIyMHZRMUJUTUFnR0JtZUJEQUVDQWpDQmd3WUlLd1lCQlFVSEFRRUUKZHpCMU1DUUdDQ3NHQVFVRkJ6QUJoaGhvZEhSd09pOHZiMk56Y0M1a2FXZHBZMlZ5ZEM1amIyMHdUUVlJS3dZQgpCUVVITUFLR1FXaDBkSEE2THk5allXTmxjblJ6TG1ScFoybGpaWEowTG1OdmJTOUVhV2RwUTJWeWRGTklRVEpJCmFXZG9RWE56ZFhKaGJtTmxVMlZ5ZG1WeVEwRXVZM0owTUF3R0ExVWRFd0VCL3dRQ01BQXdEUVlKS29aSWh2Y04KQVFFTEJRQURnZ0VCQUg0cWptb1J2MmxoeXdLMWNtRjJROTFrZjlwaHR1RzVaOXgvS29lQjlzUXRuMWl4ZjVMRwpFRyszbWp5ajd2ZmVCTWVMYzVnSGdTSlRLWnJwNzV4R1R5QzJRTm5ZbnA0UmhmWFJXRzRLRXpBZEZvcXFWY1NYCmlFOEtKVEltRnJZd3dXM2FLR3Fna2R4SHAxZUJGd0dLRVcwRmN2cFh6Tlc0TnVtSHZZWktQRTIvRTNMeEdnL3oKMUw0QkRhR1JpNnhNc2t1NnZ0am9HUDZBWjJUMkU5dndjc3NLZHNnWUM3QWNtQUZYd2ZRZ21sZkZlSVZpL3JscQpMVjljM25oSTdteitHNEJJMnhVdGlFK0FFaUtmcXZERU1BZWlIdGhXKzYrbGpZa2YydG1aU0wwZDloa1d1S3N3CklHa0JwTnZFYnQ4OTJIMlhCQjBKUmdrT2szbUVocXNUMk5NPQotLS0tLUVORCBDRVJUSUZJQ0FURS0tLS0tCgpzdWJqZWN0PS9DPVVTL089RGlnaUNlcnQgSW5jL09VPXd3dy5kaWdpY2VydC5jb20vQ049RGlnaUNlcnQgU0hBMiBIaWdoIEFzc3VyYW5jZSBTZXJ2ZXIgQ0EKaXNzdWVyPS9DPVVTL089RGlnaUNlcnQgSW5jL09VPXd3dy5kaWdpY2VydC5jb20vQ049RGlnaUNlcnQgSGlnaCBBc3N1cmFuY2UgRVYgUm9vdCBDQQotLS0tLUJFR0lOIENFUlRJRklDQVRFLS0tLS0KTUlJRXNUQ0NBNW1nQXdJQkFnSVFCT0hucE54Yzh2TnR3Q3RDdUYwVm56QU5CZ2txaGtpRzl3MEJBUXNGQURCcwpNUXN3Q1FZRFZRUUdFd0pWVXpFVk1CTUdBMVVFQ2hNTVJHbG5hVU5sY25RZ1NXNWpNUmt3RndZRFZRUUxFeEIzCmQzY3VaR2xuYVdObGNuUXVZMjl0TVNzd0tRWURWUVFERXlKRWFXZHBRMlZ5ZENCSWFXZG9JRUZ6YzNWeVlXNWoKWlNCRlZpQlNiMjkwSUVOQk1CNFhEVEV6TVRBeU1qRXlNREF3TUZvWERUSTRNVEF5TWpFeU1EQXdNRm93Y0RFTApNQWtHQTFVRUJoTUNWVk14RlRBVEJnTlZCQW9UREVScFoybERaWEowSUVsdVl6RVpNQmNHQTFVRUN4TVFkM2QzCkxtUnBaMmxqWlhKMExtTnZiVEV2TUMwR0ExVUVBeE1tUkdsbmFVTmxjblFnVTBoQk1pQklhV2RvSUVGemMzVnkKWVc1alpTQlRaWEoyWlhJZ1EwRXdnZ0VpTUEwR0NTcUdTSWIzRFFFQkFRVUFBNElCRHdBd2dnRUtBb0lCQVFDMgo0Qy9DSkFiSWJRUmYxKzhLWkFheWZTSW1aUmF1UWtDYnp0eWZuM1lIUHNNd1ZZY1p1VStVRGxxVUgxVld0TUlDCktxL1FtTzRMUU5mRTBEdHl5QlNlNzVDeEVhbXUwc2k0UXpyWkN3dlYxWlgxUUsvSUhlMU5uRjlYdDRaUWFKbjEKaXRyU3h3VWZxSmZKM0tTeGdvUXR4cTJsbk1jWmdxYUZEMTVFV0NvM2ovMDE4UXNJSnpKYTlidUxucVM5VWRBbgo0dDA3UWpPakJTakV1eWpNbXF3ckl3MTR4bnZtWG5HM1NqNEkrNEczRmhhaG5TTVNUZVhYa2dpc2RhU2N1czBYCnNoNUVOV1YvVXlVNTBSd0ttbU1iR1pKMGFBbzN3c0pTU01zNVdxSzI0VjNCM2FBZ3VDR2lreVp2RkVvaFFjZnQKYlp2eVNDL3pBL1dpYUpKVEwxN2pBZ01CQUFHamdnRkpNSUlCUlRBU0JnTlZIUk1CQWY4RUNEQUdBUUgvQWdFQQpNQTRHQTFVZER3RUIvd1FFQXdJQmhqQWRCZ05WSFNVRUZqQVVCZ2dyQmdFRkJRY0RBUVlJS3dZQkJRVUhBd0l3Ck5BWUlLd1lCQlFVSEFRRUVLREFtTUNRR0NDc0dBUVVGQnpBQmhoaG9kSFJ3T2k4dmIyTnpjQzVrYVdkcFkyVnkKZEM1amIyMHdTd1lEVlIwZkJFUXdRakJBb0Q2Z1BJWTZhSFIwY0RvdkwyTnliRFF1WkdsbmFXTmxjblF1WTI5dApMMFJwWjJsRFpYSjBTR2xuYUVGemMzVnlZVzVqWlVWV1VtOXZkRU5CTG1OeWJEQTlCZ05WSFNBRU5qQTBNRElHCkJGVWRJQUF3S2pBb0JnZ3JCZ0VGQlFjQ0FSWWNhSFIwY0hNNkx5OTNkM2N1WkdsbmFXTmxjblF1WTI5dEwwTlEKVXpBZEJnTlZIUTRFRmdRVVVXai9rSzhDQjNVOHpObGxaR0tpRXJoWmNqc3dId1lEVlIwakJCZ3dGb0FVc1Q3RAphUVA0djBjQjFKZ21HZ2dDNzJOa0s4TXdEUVlKS29aSWh2Y05BUUVMQlFBRGdnRUJBQmlLbFlrRDVtM2ZYUHdkCmFPcEtqNFBXVVMrTmEwUVducXhqOWRKdWJJU1ppNnFCY1lSYjdUUk9zTGQ1a2luTUxZQnE4STRnNFhtay9nTkgKRStyMWhzcFpjWDMwQkpacjAxbFlQZjdUTVNWY0dEaUVvK2FmZ3YyTVc1Z3hUczE0bmhyOWhjdEpxdkluaTVseQovRDZxMVVFTDJ0VTJvYjhjYmtkSmYxN1pTSHdEMmYyTFNhQ1lKa0pBNjlhU0VhUmtDbGRVeFBVZDFnSmVhNnp1CnhJQ2FFbkw2VnBQWC83OHdoUVl3dnd0L1R2OVhCWjBrN1lYREsvdW1kYWlzTFJidmZYa25zdXZDblFzSDZxcUYKMHdHaklDaEJXVU1vMG9IanF2YnNlenQzdGtCaWdBVkJSUUh2RndZKzNzQXptMmZUWVM1eWgrUnAvQklBVjBBZQpjUFVleWJRPQotLS0tLUVORCBDRVJUSUZJQ0FURS0tLS0tCgpzdWJqZWN0PS9DPVVTL089RGlnaUNlcnQgSW5jL09VPXd3dy5kaWdpY2VydC5jb20vQ049RGlnaUNlcnQgSGlnaCBBc3N1cmFuY2UgRVYgUm9vdCBDQQppc3N1ZXI9L0M9VVMvTz1EaWdpQ2VydCBJbmMvT1U9d3d3LmRpZ2ljZXJ0LmNvbS9DTj1EaWdpQ2VydCBIaWdoIEFzc3VyYW5jZSBFViBSb290IENBCi0tLS0tQkVHSU4gQ0VSVElGSUNBVEUtLS0tLQpNSUlEeFRDQ0FxMmdBd0lCQWdJUUFxeGNKbW9MUUp1UEMzbnlya1lsZHpBTkJna3Foa2lHOXcwQkFRVUZBREJzCk1Rc3dDUVlEVlFRR0V3SlZVekVWTUJNR0ExVUVDaE1NUkdsbmFVTmxjblFnU1c1ak1Sa3dGd1lEVlFRTEV4QjMKZDNjdVpHbG5hV05sY25RdVkyOXRNU3N3S1FZRFZRUURFeUpFYVdkcFEyVnlkQ0JJYVdkb0lFRnpjM1Z5WVc1agpaU0JGVmlCU2IyOTBJRU5CTUI0WERUQTJNVEV4TURBd01EQXdNRm9YRFRNeE1URXhNREF3TURBd01Gb3diREVMCk1Ba0dBMVVFQmhNQ1ZWTXhGVEFUQmdOVkJBb1RERVJwWjJsRFpYSjBJRWx1WXpFWk1CY0dBMVVFQ3hNUWQzZDMKTG1ScFoybGpaWEowTG1OdmJURXJNQ2tHQTFVRUF4TWlSR2xuYVVObGNuUWdTR2xuYUNCQmMzTjFjbUZ1WTJVZwpSVllnVW05dmRDQkRRVENDQVNJd0RRWUpLb1pJaHZjTkFRRUJCUUFEZ2dFUEFEQ0NBUW9DZ2dFQkFNYk01WFBtCis5Uzc1UzB0TXFiZjVZRS95YzBsU2JaeEtzUFZsRFJub2dvY3NGOXBwa0N4eExleWo5Q1lwS2xCV1RyVDNKVFcKUE50ME9LUkt6RTBsZ3ZkS3BWTVNPTzd6U1cxeGtYNWp0cXVtWDhPa2hQaFBZbEcrK01YczJ6aVM0d2JsQ0pFTQp4Q2hCVmZ2TFdva1ZmbkhvTmI5TmNnazl2am80VUZ0M01SdU5zOGNrUlpxbnJHMEFGRm9FdDdvVDYxRUttRUZCCklrNWxZWWVCUVZDbWVWeUozaGxLVjlVdTVsMGNVeXgrbU0wYUJoYWthSFBRTkFRVFhLRngwMXA4VmR0ZVpPRTMKaHpCV0JPVVJ0Q21BRXZGNU9ZaWlBaEY4SjJhM2lMZDQ4c29LcURpckNtVEN2MlpkbFlUQm9TVWVoMTBhVUFzZwpFc3hCdTI0TFVUaTRTOHNDQXdFQUFhTmpNR0V3RGdZRFZSMFBBUUgvQkFRREFnR0dNQThHQTFVZEV3RUIvd1FGCk1BTUJBZjh3SFFZRFZSME9CQllFRkxFK3cya0QrTDlIQWRTWUpob0lBdTlqWkN2RE1COEdBMVVkSXdRWU1CYUEKRkxFK3cya0QrTDlIQWRTWUpob0lBdTlqWkN2RE1BMEdDU3FHU0liM0RRRUJCUVVBQTRJQkFRQWNHZ2FYM05lYwpuenlJWmdZSVZ5SGJJVWY0S21lcXZ4Z3lka0FRVjhHSzgzclpFV1dPTmZxZS9FVzFudGxNTVV1NGtlaERMSTZ6CmVNN2I0MU41Y2RibElaUUIybFdIbWlSazlvcG16TjZjTjgyb05MRnBteVBJbm5naUszQkQ0MVZITVdFWjcxakYKaFM5T01QYWdNUllqeU9maVpSWXp5NzhhRzZBOStNcGVpekdMWUFpSkxRd0dYRkszeFBrS21ORVZYNThTdm53MgpZemk5UktSLzVDWXJDc1NYYVEzcGpPTEFFRmU0eUhZU2tWWHlTR25ZdkNvQ1d3OUUxQ0F4Mi9TNmNDWmRrR0NlCnZFc1hDUysweXg1RGFNa0hKOEhTWFBmcUlibG9FcHc4bkwrZS9JQmNtMlBON0VlcUpTZG5vRGZ6QUlKOVZOZXAKK09rdUU2TjM2QjlLCi0tLS0tRU5EIENFUlRJRklDQVRFLS0tLS0KCg==",
                            "authentication_certificate.0.id": "",
                            "authentication_certificate.0.name": "star.carefusionanalytics.com",
                            "backend_address_pool.#": "1",
                            "backend_address_pool.0.fqdn_list.#": "0",
                            "backend_address_pool.0.id": "/subscriptions/bbe45b93-2296-483e-826c-1494457718f3/resourceGroups/BD/providers/Microsoft.Network/applicationGateways/BD-AppGw/backendAddressPools/FW-Pool",
                            "backend_address_pool.0.ip_address_list.#": "1",
                            "backend_address_pool.0.ip_address_list.0": "10.3.1.4",
                            "backend_address_pool.0.name": "FW-Pool",
                            "backend_http_settings.#": "2",
                            "backend_http_settings.0.authentication_certificate.#": "0",
                            "backend_http_settings.0.cookie_based_affinity": "Disabled",
                            "backend_http_settings.0.id": "/subscriptions/bbe45b93-2296-483e-826c-1494457718f3/resourceGroups/BD/providers/Microsoft.Network/applicationGateways/BD-AppGw/backendHttpSettingsCollection/HTTP-Backend",
                            "backend_http_settings.0.name": "HTTP-Backend",
                            "backend_http_settings.0.port": "80",
                            "backend_http_settings.0.probe_id": "",
                            "backend_http_settings.0.probe_name": "",
                            "backend_http_settings.0.protocol": "Http",
                            "backend_http_settings.0.request_timeout": "30",
                            "backend_http_settings.1.authentication_certificate.#": "1",
                            "backend_http_settings.1.authentication_certificate.0.id": "/subscriptions/bbe45b93-2296-483e-826c-1494457718f3/resourceGroups/BD/providers/Microsoft.Network/applicationGateways/BD-AppGw/authenticationCertificates/star.carefusionanalytics.com",
                            "backend_http_settings.1.authentication_certificate.0.name": "star.carefusionanalytics.com",
                            "backend_http_settings.1.cookie_based_affinity": "Disabled",
                            "backend_http_settings.1.id": "/subscriptions/bbe45b93-2296-483e-826c-1494457718f3/resourceGroups/BD/providers/Microsoft.Network/applicationGateways/BD-AppGw/backendHttpSettingsCollection/HTTPS-Backend",
                            "backend_http_settings.1.name": "HTTPS-Backend",
                            "backend_http_settings.1.port": "443",
                            "backend_http_settings.1.probe_id": "",
                            "backend_http_settings.1.probe_name": "",
                            "backend_http_settings.1.protocol": "Https",
                            "backend_http_settings.1.request_timeout": "30",
                            "disabled_ssl_protocols.#": "0",
                            "frontend_ip_configuration.#": "1",
                            "frontend_ip_configuration.0.id": "/subscriptions/bbe45b93-2296-483e-826c-1494457718f3/resourceGroups/BD/providers/Microsoft.Network/applicationGateways/BD-AppGw/frontendIPConfigurations/appGatewayFrontendIP",
                            "frontend_ip_configuration.0.name": "appGatewayFrontendIP",
                            "frontend_ip_configuration.0.private_ip_address": "",
                            "frontend_ip_configuration.0.private_ip_address_allocation": "Dynamic",
                            "frontend_ip_configuration.0.public_ip_address_id": "/subscriptions/bbe45b93-2296-483e-826c-1494457718f3/resourceGroups/BD/providers/Microsoft.Network/publicIPAddresses/AppGw-pip",
                            "frontend_ip_configuration.0.subnet_id": "",
                            "frontend_port.#": "2",
                            "frontend_port.0.id": "/subscriptions/bbe45b93-2296-483e-826c-1494457718f3/resourceGroups/BD/providers/Microsoft.Network/applicationGateways/BD-AppGw/frontendPorts/HTTP",
                            "frontend_port.0.name": "HTTP",
                            "frontend_port.0.port": "80",
                            "frontend_port.1.id": "/subscriptions/bbe45b93-2296-483e-826c-1494457718f3/resourceGroups/BD/providers/Microsoft.Network/applicationGateways/BD-AppGw/frontendPorts/HTTPS",
                            "frontend_port.1.name": "HTTPS",
                            "frontend_port.1.port": "443",
                            "gateway_ip_configuration.#": "1",
                            "gateway_ip_configuration.0.id": "/subscriptions/bbe45b93-2296-483e-826c-1494457718f3/resourceGroups/BD/providers/Microsoft.Network/applicationGateways/BD-AppGw/gatewayIPConfigurations/appGatewayIpConfig",
                            "gateway_ip_configuration.0.name": "appGatewayIpConfig",
                            "gateway_ip_configuration.0.subnet_id": "/subscriptions/bbe45b93-2296-483e-826c-1494457718f3/resourceGroups/BD/providers/Microsoft.Network/virtualNetworks/BD-vnet/subnets/sn-appgw",
                            "http_listener.#": "2",
                            "http_listener.0.frontend_ip_configuration_id": "/subscriptions/bbe45b93-2296-483e-826c-1494457718f3/resourceGroups/BD/providers/Microsoft.Network/applicationGateways/BD-AppGw/frontendIPConfigurations/appGatewayFrontendIP",
                            "http_listener.0.frontend_ip_configuration_name": "appGatewayFrontendIP",
                            "http_listener.0.frontend_port_id": "/subscriptions/bbe45b93-2296-483e-826c-1494457718f3/resourceGroups/BD/providers/Microsoft.Network/applicationGateways/BD-AppGw/frontendPorts/HTTP",
                            "http_listener.0.frontend_port_name": "HTTP",
                            "http_listener.0.host_name": "",
                            "http_listener.0.id": "/subscriptions/bbe45b93-2296-483e-826c-1494457718f3/resourceGroups/BD/providers/Microsoft.Network/applicationGateways/BD-AppGw/httpListeners/BASIC-HTTP",
                            "http_listener.0.name": "BASIC-HTTP",
                            "http_listener.0.protocol": "Http",
                            "http_listener.0.require_sni": "false",
                            "http_listener.0.ssl_certificate_id": "",
                            "http_listener.0.ssl_certificate_name": "",
                            "http_listener.1.frontend_ip_configuration_id": "/subscriptions/bbe45b93-2296-483e-826c-1494457718f3/resourceGroups/BD/providers/Microsoft.Network/applicationGateways/BD-AppGw/frontendIPConfigurations/appGatewayFrontendIP",
                            "http_listener.1.frontend_ip_configuration_name": "appGatewayFrontendIP",
                            "http_listener.1.frontend_port_id": "/subscriptions/bbe45b93-2296-483e-826c-1494457718f3/resourceGroups/BD/providers/Microsoft.Network/applicationGateways/BD-AppGw/frontendPorts/HTTPS",
                            "http_listener.1.frontend_port_name": "HTTPS",
                            "http_listener.1.host_name": "",
                            "http_listener.1.id": "/subscriptions/bbe45b93-2296-483e-826c-1494457718f3/resourceGroups/BD/providers/Microsoft.Network/applicationGateways/BD-AppGw/httpListeners/BASIC-HTTPS",
                            "http_listener.1.name": "BASIC-HTTPS",
                            "http_listener.1.protocol": "Https",
                            "http_listener.1.require_sni": "false",
                            "http_listener.1.ssl_certificate_id": "/subscriptions/bbe45b93-2296-483e-826c-1494457718f3/resourceGroups/BD/providers/Microsoft.Network/applicationGateways/BD-AppGw/sslCertificates/star.carefusionanalytics.com",
                            "http_listener.1.ssl_certificate_name": "star.carefusionanalytics.com",
                            "id": "/subscriptions/bbe45b93-2296-483e-826c-1494457718f3/resourceGroups/BD/providers/Microsoft.Network/applicationGateways/BD-AppGw",
                            "location": "canadacentral",
                            "name": "BD-AppGw",
                            "probe.#": "0",
                            "request_routing_rule.#": "2",
                            "request_routing_rule.0.backend_address_pool_id": "/subscriptions/bbe45b93-2296-483e-826c-1494457718f3/resourceGroups/BD/providers/Microsoft.Network/applicationGateways/BD-AppGw/backendAddressPools/FW-Pool",
                            "request_routing_rule.0.backend_address_pool_name": "FW-Pool",
                            "request_routing_rule.0.backend_http_settings_id": "/subscriptions/bbe45b93-2296-483e-826c-1494457718f3/resourceGroups/BD/providers/Microsoft.Network/applicationGateways/BD-AppGw/backendHttpSettingsCollection/HTTP-Backend",
                            "request_routing_rule.0.backend_http_settings_name": "HTTP-Backend",
                            "request_routing_rule.0.http_listener_id": "/subscriptions/bbe45b93-2296-483e-826c-1494457718f3/resourceGroups/BD/providers/Microsoft.Network/applicationGateways/BD-AppGw/httpListeners/BASIC-HTTP",
                            "request_routing_rule.0.http_listener_name": "BASIC-HTTP",
                            "request_routing_rule.0.id": "/subscriptions/bbe45b93-2296-483e-826c-1494457718f3/resourceGroups/BD/providers/Microsoft.Network/applicationGateways/BD-AppGw/requestRoutingRules/BASIC-HTTP-FW-POOL",
                            "request_routing_rule.0.name": "BASIC-HTTP-FW-POOL",
                            "request_routing_rule.0.rule_type": "Basic",
                            "request_routing_rule.0.url_path_map_id": "",
                            "request_routing_rule.0.url_path_map_name": "",
                            "request_routing_rule.1.backend_address_pool_id": "/subscriptions/bbe45b93-2296-483e-826c-1494457718f3/resourceGroups/BD/providers/Microsoft.Network/applicationGateways/BD-AppGw/backendAddressPools/FW-Pool",
                            "request_routing_rule.1.backend_address_pool_name": "FW-Pool",
                            "request_routing_rule.1.backend_http_settings_id": "/subscriptions/bbe45b93-2296-483e-826c-1494457718f3/resourceGroups/BD/providers/Microsoft.Network/applicationGateways/BD-AppGw/backendHttpSettingsCollection/HTTPS-Backend",
                            "request_routing_rule.1.backend_http_settings_name": "HTTPS-Backend",
                            "request_routing_rule.1.http_listener_id": "/subscriptions/bbe45b93-2296-483e-826c-1494457718f3/resourceGroups/BD/providers/Microsoft.Network/applicationGateways/BD-AppGw/httpListeners/BASIC-HTTPS",
                            "request_routing_rule.1.http_listener_name": "BASIC-HTTPS",
                            "request_routing_rule.1.id": "/subscriptions/bbe45b93-2296-483e-826c-1494457718f3/resourceGroups/BD/providers/Microsoft.Network/applicationGateways/BD-AppGw/requestRoutingRules/BASIC-HTTPS-FW-POOL",
                            "request_routing_rule.1.name": "BASIC-HTTPS-FW-POOL",
                            "request_routing_rule.1.rule_type": "Basic",
                            "request_routing_rule.1.url_path_map_id": "",
                            "request_routing_rule.1.url_path_map_name": "",
                            "resource_group_name": "BD",
                            "sku.#": "1",
                            "sku.682238758.capacity": "2",
                            "sku.682238758.name": "Standard_Medium",
                            "sku.682238758.tier": "Standard",
                            "ssl_certificate.#": "1",
                            "ssl_certificate.0.data": "MIIVxQIBAzCCFYEGCSqGSIb3DQEHAaCCFXIEghVuMIIVajCCBhMGCSqGSIb3DQEHAaCCBgQEggYAMIIF/DCCBfgGCyqGSIb3DQEMCgECoIIE9jCCBPIwHAYKKoZIhvcNAQwBAzAOBAiSLJtrVcAKmwICB9AEggTQXED7L2QDPTsoCp90gVnAHfR2Nl6AtmqK29gGHc+VUYmR8vyE9i/XWAPOYRHkM9Zk24vkQb5ujOKUD5VqC9bTaRkeQJsrc01cp4/EvUCdIDCXC7JIRYmv6fDaWGEg99shofCCOI47R+qdONfNh/+zJNge0NHzghQFYIE5i8W5CiNL6TjnzYrXLXQSvVIv7ZQMKPx7OLjeeddXkoD6an+wMszPJjCnR3IKGIa4srGCGjPYAl0yNP8uEmUpIJHUFWfcTUPh52z0/xUTH/zDm1ou/q5lZ9X0JugxMP2j5S03bX8ZTkhyRrBNTrznj7HpqzFcikoSRaCC3Igq5DUpbf076zyiZVIKEsbkIGpI31YONaAB94PPoqdbXkxHrtRcEI/q9p5+gA4U2s4BHjBh9a21uZqmp5SKG4o68LhOTfdoxDhqi+6ES8iKR3DrvTydIFCx7cJ1I1TvQBu4i8KOiNjqlyxHMeH7Bt8Sbf/cj4e7fc30RITOXiduGRARLHMnYQtQe0fSJCBD1yANwK4XOhCvz5hXYKt68O9CuAcsz126KvF2/woS5snEHSrN9cq3PjlExxvBndbtthZzy2/88v7F3DMJoWuakM84AoF2QOVo+dXd4AZKidJnxw0uLHsCpMl6GlMuElE2R7AvX7RDnMd6LGf7BWbgWwusWfVac2wIJYzusBvrq2hFA2R6Gfp3dYXLDmo4NjbOKq+5wT3kJ8mKjmOKFCrujSg8KlG7bL3tDJP1uDcra3uaJYAx3VP8oYi7oXPhU0zoKv2AgjD+XYdEtNnmqHIKCXUajqp15qKjrw8lCwzlSlwrTT91Gcl8x68rNJ+ZhY9ywd06q3jL5yPB2UZXf//xpgCCeKDGui5NDVYbHc+HtZs2Ej29fTU9gwVDyYIVJH/m32lCn2CIxgH+2Zf/i3iOM6i1zRvw2A9Q80iGC6wDA2ab3wewZHOBg4ApXGM37gAejywQQH/0xYj2t55S196DaA13aGMzCfP3xZP51pw8ZkJNoP7vTzOTR8yhQUer0xI1B7dO9JimfQ+caJiQQoX3IyWKYJviBAVK6ZeW8lvXa5XDzXRimreL3/fzMf+wIvnlucADVqzvoT2bBkPblMDt7D6qc3DnjFMXheCSl2MPNJ+zuILp0kCkc/ZlUCfakO4U9C86RO5Daa9HdudR7sNnZtm52TR41McBsuDL/c7/SK5P2vemaBjK4BroNUU7oVHc5keYRCiQ0aPRpJM22gxv3xjcBIcf/auItNp//Xb1nbn7zbb6bcoBhVlBjZSWeQQLoOgYmqRWd7RcRAWcSr3e4WQyQdDsVXbSQ+ezXw4b3XXO6zUZvRqzk7f+Gp3Gh0cucVuqozZdcSlDsWuH9OABk/QPMVabpXM2U4mCYHnXLSfP50dZMIZuRDmK/JlMTgxiBRcCwZ//LFUBxoX7IqdecUUq1ZW+AZQUuQvfJ40Rxjw42wR9DGbt3CP0FaBdkBu+zoop/SEJhrJtqvCigtvT+jlNnGPJqdjTF4Kn5Yk4jqppxKQ/3oJ68Xmp4bJ8CfaTL5FyQB2zKODFG1MV+qvkK0C3tREkubxZ86RZZdkdjPUJAFtRJnPL3GCiAwbc7yaO/47vBo+4vYaxbZ2+qwW0c+hqSaw9IPsqwFUxge4wDQYJKwYBBAGCNxECMQAwEwYJKoZIhvcNAQkVMQYEBAEAAAAwWwYJKoZIhvcNAQkUMU4eTAB7ADAAMAAwADIAOQAwAEUANwAtADUAMABCAEEALQA0ADMAQwAyAC0AOQBGAEEARAAtADMAQgA5ADAARAAyAEMAMwA1ADkAMAA3AH0wawYJKwYBBAGCNxEBMV4eXABNAGkAYwByAG8AcwBvAGYAdAAgAEUAbgBoAGEAbgBjAGUAZAAgAEMAcgB5AHAAdABvAGcAcgBhAHAAaABpAGMAIABQAHIAbwB2AGkAZABlAHIAIAB2ADEALgAwMIIPTwYJKoZIhvcNAQcGoIIPQDCCDzwCAQAwgg81BgkqhkiG9w0BBwEwHAYKKoZIhvcNAQwBBjAOBAgJrMwdMCphlwICB9CAgg8In1y7/dT66hYlCvAZDYVBIWy6eAGJDMIg0FeDTZoT8Y+iEKQBGbuMHA314oXESYgZUdUcvrk5FVI6EF5stwag9FOCRf9tQo/sDBobEto32RjVQ/0HUDs+VbY95PsieV/Df06DqDwgFw69hs6i2dInpIsic814g2gktST0ow7fwy7NO3KgB7Kfmd636MT9fm9f9lX5FWXkTFbBoHJSdJczWCoAesTdVA/JC940WUlXoR3MxleS1BsItoVZv0M3W7YIdc/qP82T5SZAi80FuqbRjOGB8imDTGcDMjKtQbbTT1dYFebz0G+0wC5vDTFGf+Oi3MpXEb66EJIvnmBHTWYvOXmTSxQfLdtFkMYcqCZTQ/GynszpCt0WFxtBqupMcTUfka7+h2VxFP045+jp0NJtlMNXOC8Q5ITvaHNDU88kstNOVK+lnrxXD3UvlifQ5jMO2dVK7+lA4YmUJs7zKF6mjMHtXkO7hIhH03KMMAyRVQFd2vvKhARwHAB+FTAWDgikSDqjSc+lRSV+psGMA/DZAXM8CMVt2+wb/ZSIWoA/zoKUgxjUSihn57ce0aaILPqKtUnzDO5fvAylwACABntAfCSFcyhx7RsSwKp6mNlWdFtZIztRkaicfChiYNMLBrnhWebMS+4QrwEGW737sxctQz4Wt9AK4WGRrUuSroeOoGiqswBTsq7Xi874sfcAQeFnyhuMeyp0gejr3YdV6OJO+wG4UedNdChlhZ3hMUZOUT5BTUhkO2gHe8IDQZ37CUlD6PuwUZOR5mfb9h2vEjafTfkdfti8vHdVeeaOA7MshF1NoowOoagUvJbVEDtIHTFV+HY2unTVNQLmbXh3MAJ1hJ5tucKSsp9c1r4NkCPnOarTVDSYCAFIRmE5L0GuQCTEbZwAuPio4Ay//ayzwWPZboQurlF9yWgQ7hd3U2erSsgZ+KLX5o+InDvAw0w+q35rfrer2mIOKr5yWsxogX7PYQn7+NbI/VkxWOY5y+xd7utovEQ03ySIjLxxOkMhZovWaZ3WoOWT9TBs2creIcR17+cRcumT+Qs8kPCce3JpcVOlaBTIW+vO97JsMIMe4BcA9mtjox719jCjl66YJfxvXL51m8BzzAuiim+BWf5C/Ja5ERfARS6PaZFIP8aMt8FWXjebg+fPcMm+2lPkziVKU45O3TxPcRwRHPQBuvO3byBL6DF1e8pw0yM7BRW1lbO9A6EGxxEpDldqDh/0QCe6p3QpHcNvx9ozRSVhc+z4vbRb+3VTQVWziqJR3uvYyVaQ7vUexs+p8c9/9DtJsfL49S8LypuscXHxveY3d7kqaI/jNniB4mURw2zNJ1UxVKGKaZQWy0SIvshHzAJqOkVup2U68IjN2Dhj3h+kElxSlOH/6wQHh5BRjyXWaBlmxa/Sth4CS5xMWjPvD0PiOvdOqwYBKT5GWc+p8+qRfrVPxInXHYsQPMlKIT/LcT22mGYTuvwOqz9OuT5pgZQW58k8jRhhGPCPApWpvvNjuWxdW6LivlDrb2SMe5i3eMnsIVy+lC1YeUuNvrv6D7TMWobnogqIUG6UFoKt0h16zzBO983gF0h2lb1NFFL0XYgZUmP0yo/mWtt8tK08deJ7PIFx/9SsXrMID5qozTBDWh+kE5I6bWPiHoKvxpQJC0MxGruJ9q1T1Q4YMJMxoxbXB6zpKIT3c0dbT9+vqewgYv+l/5bPopQMfzkBQiehfaVSkuESzRxXAXWILNaxTQjeaOX4GOlg84vXGZOJw/9wZbXjVRrMaUZrQCW1LQ5nc9B1mACb199mPD90PhlYHj3kSCrKunWI80g0A2lFpasaLnroGq78IY1K5F2hn5+Vj+KHgOHZ31V7gHDqYAvPZm3fGrzx7HHo4RgX2ZDNJdvgyMVw/TVjXKRnY/MKCVpp0t3hMwoO6WM9Llp6vsaM4FXTUOIEFD8h95cwf7G7ie2XAdiJFx9o7HCKivTaUQ5mdhCLx9mTtv1aauU+7In4wOHWQde3U1PvQyiYJR4V4ITGe2dTPXAYykfymc8NPo9iH5ErpYzNxChM3oRGey9RWoxD4dO8D40BZ1AhvTL1IffUpb5SCizvOz7hlgHPrmfcnh6Epr7nouBIkA4jd3VQ/kGbOosg0FCYRNFeCRlrm26n90sxreTpRhdEjVAHOtecvnCNesi2FdtfDc28R2YAHy7Ct65AtfManaT5VpvLWknwvTnJMpAkcvgyAggxX6W5ffaaKq/pBTLX0a2yubeY+JTchKOqv4dOWOqWqS8i0CCb3FdMJNlz7XtR7lif65A5DZWLrBTJERz3zyq4Ndx/u6QHzV7NHtl+nIUePcI59dp9T8cYP9XyZp2g4w0F8cTGz3EfJ4gM3x//uoIAud6p9g+zlHk2BJY9rR8/nIziOY74K1Ctc6hFtca5Def3FfevfC5VaNufDVkm486UILkIUIb2z5netD1zszufrz9atLLnvqqqQrJ0oE6ZAAS9xKnFC2B0LNgjSrtMiOOizDD13JbbhlcczhWWdUtY4x/P6hBdL9nONFrpV3C26eEW5VtUpxL9lx9CpJdWcTODct1HYafImzOnVmJUpsTpzU5DyRiXOYdxhLdGp8Rc9N/Wqrvh/FJHehgAcFyCrFqYGtlyWrFGGnqmS+Y9yZpqppg/xC2Ir6QwGDlO02Gf7zklFeFVEx6vdkta1A/iWWr06XQ1mGZUkMLOPCV6bQabs43ev0RPS0Ejn7a6yEg+JWsoo0e7yGMak/mHtC/mIK84E/eny5XmIpGsx3YlR/7uzj7n2KRh+w15VqqGBLqzeNjmiIrxMe10aRnZjNWQNUN1ALpHi4QSnVaCrEUwNyhuvKdMw19ZLeHRCUO2nym2mHZ9OcHnwkogZA0VwlrkYLgsFzPEkNlkOBKd5++hheOVWSdt1iVDRz6LeCo/ZG2IBG71monp1GGWp5Ylvbys5WTEryxtouAYojA0OCGjpzo688l3h2ZEjfIa4kzmc0Sm8J7D+ndiiI/JWLIwKvhfztKeL2df1uQpWt/5vElFGTsSCTCE07bc1rB+5SjjYdAeWGbU5Xij1v7BahdAqZwwZ17rijQD/TARKyFNlV9iDZsaIykjelz8TTl/b0ydeRM8NouNDG7ZOMziUbD/ZCDx65AR7YHc5Pf182DXi9juhQHR0EenyKGq9T9FJsuW88uLaShV4KRDIA3hwp4okj16RGRR0VitiRnlAxC8Oi3ovAPXM86eCs5rNp7Kol5hb8tL4155uBhJ4C09egTM4kupHUD02BSOCsf7UAZ6bUvxJSCZ+TskThgziDFjvg7B6Cklo3y6D3qtdbKWqoIzYWT1Mbl890bXPylHCYMlrZgaRdn1XZ+BnqxqChU8oWspsG8Etxq13B6JjSyWOoBEh8RamZdY3uTD+fsgeJvaHAXyAiXXe+zkjHMYY0GN+PQcJtshcjZJwprGsxYE538QBG0tejpiJxzKs23jhlyzQBPyWkfq3i5DZt97oiq4BKLYf2mq7FuL0wP0mRIICN/78UqNWacheVdLBzzEFLoRiuG+RYRaQ6PhwSZuY3zEDGlPTHaOzCL4fGoAaTgGi7KVC/D4rm26CQAgPJ+IFfooIgY/+fo5zPcYn0ovJ58ZkisOF4yAGP1y7yQ+6SOskg98Ssbl6uRwLEQ8Y1vBoIGOdrT7VN3vGtBV2BH0OB5qRr1el4PgZOENCg/Xvkt/+xURYgXG5ncW75RRMJccN1GeGmj2Zbm+dbXif1hIfYMkAkLWe3ih9nDQbWKOf7PmfSkyLuqRMw6T3omvIo5wi8d3zcUiiVHJ7mNrYpkXTW/o3O7s4ZQQi09PxYwexzenwePnJL/W8pEY20EVLQlOr72ucnOTZVSNsScpBfAEM9nuUANnWngBnGnbKroxPBscVNNKwm9o3yaG55qZQGRjYizkYLUAoH6oRtAKP9Oc21L/xGxytSqI2m/id3oD5t5PQK+35oFgBTZmiK25NOkoroVKJbF2cwo42Ii7Ctshpt0wsCV+7Fjinb2lVMwM52n9Pdkh7RlIcS0ELzHkxin7UR710FUmrGCxmL9iqTcYgYl42hcAMq8mYuU8AZvhb9mPMp85VZ5G2mt+QMUnS3fuEcwF+I+ZAILZwtVmNfK4DMhTqN1Z99Thrr2AkMjbaRkxmEdnXj3FIQxOlamTbNXg05qKukTYk1tuNZspMbAxcBpbNSBcGWAV9Z48ZCjgVFn1tZMsx6qYGLIbl2XSPCRyATLEtP24tLp9oVjFu2H4qkAYUNvX3YvF+cydkt/vItRi6febJTfuK3uKHwQnRuYJTWOgHr32PWpwUJB1/dTLi48epPQ0uIOP9lEbRJBbDT9SLx0onEgt7dqL6ehU7vJdJKkuJablNDdFkq9wNrjSuoUI9/eVaRw7g81v39gyYAPV/of8OfVq4lmUNGo0LWvjwTN5LFQTqqrgpuU5ctO0+77YbC/OJV3tQEOqRVuToF5RC2xjx4GXwtK35fcWjNfKmkOn9E0b35aAu0vPe8/A0SCKPI9wrHo17zmUg6N62yc2dNgwWyljMMiSFmk5qmrJGw3Bl53sqgrTFd9mN4YPwglvRwuss7sixTyeMpjysK1z6KuocgKfr/BfXwgdV1Jyns5naB6wGjEFfolSbc0LefH4TpP7saHpnOXHROdaZTvvi6rrDTCQmvlc2A2Lz3BUglY3Di3w27UKPy+zcm3k9DDagV4wcTCnyRZ0PTU/ez4BxwKP1lHHuzBdZIHohYUKvG0Qsockj0DuIOQDco2BgahSmD34E9SsiwcYqIRGpHh+oVN29YB1WB+XvU2ttEf8RWSI9slpF+7Lkrh1YMk2dsG+TKFckPAjFqmAJO+ClmnifuQcpZj9qtps8xxfTF35a6GLIcb6F3WTP9dBd1+4n44NwpU+FUQE6hBjd+L5rFzdhFpBUOVc8hJqMBIwhcx+Os28umfZ46J7l4wAG3vjcs166291Hpygvd8WxA+LE+lbe9Rgv5AOloRsXq/dsbEex7Kjq7iw7/mQ8aCh68w17cdvmrb+Axnbl7zJ8Sfbb8Wtv5R8HgXc/OHyN0qH+XXOvbcK77G9Z9OyKsbpgerKbL4bCt4866q1ojf2Xhx8NksCr0SqybOobD302jQwOzAfMAcGBSsOAwIaBBSP9iSli0Lz+cuClUHVxT4t8skUPwQUl2PG1tcMkOcm+P7oFGZNOY4CvJ0CAgfQ",
                            "ssl_certificate.0.id": "",
                            "ssl_certificate.0.name": "star.carefusionanalytics.com",
                            "ssl_certificate.0.password": "iwas%nt14",
                            "ssl_certificate.0.public_cert_data": "",
                            "tags.%": "0",
                            "url_path_map.#": "0"
                        },
                        "meta": {},
                        "tainted": false
                    },
                    "deposed": [],
                    "provider": "provider.azurerm"
                },
                "azurerm_availability_set.FWAVS": {
                    "type": "azurerm_availability_set",
                    "depends_on": [
                        "azurerm_resource_group.rg"
                    ],
                    "primary": {
                        "id": "/subscriptions/bbe45b93-2296-483e-826c-1494457718f3/resourceGroups/BD/providers/Microsoft.Compute/availabilitySets/avs-hs-fw",
                        "attributes": {
                            "id": "/subscriptions/bbe45b93-2296-483e-826c-1494457718f3/resourceGroups/BD/providers/Microsoft.Compute/availabilitySets/avs-hs-fw",
                            "location": "canadacentral",
                            "managed": "true",
                            "name": "avs-hs-fw",
                            "platform_fault_domain_count": "2",
                            "platform_update_domain_count": "5",
                            "resource_group_name": "BD",
                            "tags.%": "0"
                        },
                        "meta": {},
                        "tainted": false
                    },
                    "deposed": [],
                    "provider": "provider.azurerm"
                },
                "azurerm_lb.ILB_DMZ": {
                    "type": "azurerm_lb",
                    "depends_on": [
                        "azurerm_resource_group.rg",
                        "azurerm_subnet.dmz_subnet"
                    ],
                    "primary": {
                        "id": "/subscriptions/bbe45b93-2296-483e-826c-1494457718f3/resourceGroups/BD/providers/Microsoft.Network/loadBalancers/BD-ILB",
                        "attributes": {
                            "frontend_ip_configuration.#": "1",
                            "frontend_ip_configuration.0.inbound_nat_rules.#": "0",
                            "frontend_ip_configuration.0.load_balancer_rules.#": "0",
                            "frontend_ip_configuration.0.name": "LoadBalancerFrontend",
                            "frontend_ip_configuration.0.private_ip_address": "10.3.3.6",
                            "frontend_ip_configuration.0.private_ip_address_allocation": "Static",
                            "frontend_ip_configuration.0.public_ip_address_id": "",
                            "frontend_ip_configuration.0.subnet_id": "/subscriptions/bbe45b93-2296-483e-826c-1494457718f3/resourceGroups/BD/providers/Microsoft.Network/virtualNetworks/BD-vnet/subnets/sn-dmz",
                            "id": "/subscriptions/bbe45b93-2296-483e-826c-1494457718f3/resourceGroups/BD/providers/Microsoft.Network/loadBalancers/BD-ILB",
                            "location": "canadacentral",
                            "name": "BD-ILB",
                            "private_ip_address": "10.3.3.6",
                            "private_ip_addresses.#": "1",
                            "private_ip_addresses.0": "10.3.3.6",
                            "resource_group_name": "BD",
                            "sku": "Basic",
                            "tags.%": "0"
                        },
                        "meta": {},
                        "tainted": false
                    },
                    "deposed": [],
                    "provider": "provider.azurerm"
                },
                "azurerm_lb_backend_address_pool.Web_Pool": {
                    "type": "azurerm_lb_backend_address_pool",
                    "depends_on": [
                        "azurerm_lb.ILB_DMZ",
                        "azurerm_resource_group.rg"
                    ],
                    "primary": {
                        "id": "/subscriptions/bbe45b93-2296-483e-826c-1494457718f3/resourceGroups/BD/providers/Microsoft.Network/loadBalancers/BD-ILB/backendAddressPools/Web-Pool",
                        "attributes": {
                            "backend_ip_configurations.#": "0",
                            "id": "/subscriptions/bbe45b93-2296-483e-826c-1494457718f3/resourceGroups/BD/providers/Microsoft.Network/loadBalancers/BD-ILB/backendAddressPools/Web-Pool",
                            "load_balancing_rules.#": "1",
                            "load_balancing_rules.3179250895": "/subscriptions/bbe45b93-2296-483e-826c-1494457718f3/resourceGroups/BD/providers/Microsoft.Network/loadBalancers/BD-ILB/loadBalancingRules/HTTP-LBRule",
                            "loadbalancer_id": "/subscriptions/bbe45b93-2296-483e-826c-1494457718f3/resourceGroups/BD/providers/Microsoft.Network/loadBalancers/BD-ILB",
                            "name": "Web-Pool",
                            "resource_group_name": "BD"
                        },
                        "meta": {},
                        "tainted": false
                    },
                    "deposed": [],
                    "provider": "provider.azurerm"
                },
                "azurerm_lb_probe.HTTPS_Probe": {
                    "type": "azurerm_lb_probe",
                    "depends_on": [
                        "azurerm_lb.ILB_DMZ",
                        "azurerm_resource_group.rg"
                    ],
                    "primary": {
                        "id": "/subscriptions/bbe45b93-2296-483e-826c-1494457718f3/resourceGroups/BD/providers/Microsoft.Network/loadBalancers/BD-ILB/probes/HTTPS-Probe",
                        "attributes": {
                            "id": "/subscriptions/bbe45b93-2296-483e-826c-1494457718f3/resourceGroups/BD/providers/Microsoft.Network/loadBalancers/BD-ILB/probes/HTTPS-Probe",
                            "interval_in_seconds": "5",
                            "load_balancer_rules.#": "0",
                            "loadbalancer_id": "/subscriptions/bbe45b93-2296-483e-826c-1494457718f3/resourceGroups/BD/providers/Microsoft.Network/loadBalancers/BD-ILB",
                            "name": "HTTPS-Probe",
                            "number_of_probes": "2",
                            "port": "443",
                            "protocol": "Tcp",
                            "request_path": "",
                            "resource_group_name": "BD"
                        },
                        "meta": {},
                        "tainted": false
                    },
                    "deposed": [],
                    "provider": "provider.azurerm"
                },
                "azurerm_lb_probe.HTTP_Probe": {
                    "type": "azurerm_lb_probe",
                    "depends_on": [
                        "azurerm_lb.ILB_DMZ",
                        "azurerm_resource_group.rg"
                    ],
                    "primary": {
                        "id": "/subscriptions/bbe45b93-2296-483e-826c-1494457718f3/resourceGroups/BD/providers/Microsoft.Network/loadBalancers/BD-ILB/probes/HTTP-Probe",
                        "attributes": {
                            "id": "/subscriptions/bbe45b93-2296-483e-826c-1494457718f3/resourceGroups/BD/providers/Microsoft.Network/loadBalancers/BD-ILB/probes/HTTP-Probe",
                            "interval_in_seconds": "5",
                            "load_balancer_rules.#": "1",
                            "load_balancer_rules.3179250895": "/subscriptions/bbe45b93-2296-483e-826c-1494457718f3/resourceGroups/BD/providers/Microsoft.Network/loadBalancers/BD-ILB/loadBalancingRules/HTTP-LBRule",
                            "loadbalancer_id": "/subscriptions/bbe45b93-2296-483e-826c-1494457718f3/resourceGroups/BD/providers/Microsoft.Network/loadBalancers/BD-ILB",
                            "name": "HTTP-Probe",
                            "number_of_probes": "2",
                            "port": "80",
                            "protocol": "Tcp",
                            "request_path": "",
                            "resource_group_name": "BD"
                        },
                        "meta": {},
                        "tainted": false
                    },
                    "deposed": [],
                    "provider": "provider.azurerm"
                },
                "azurerm_lb_rule.HTTPS_LBRule": {
                    "type": "azurerm_lb_rule",
                    "depends_on": [
                        "azurerm_lb.ILB_DMZ",
                        "azurerm_lb_backend_address_pool.Web_Pool",
                        "azurerm_lb_probe.HTTPS_Probe",
                        "azurerm_resource_group.rg"
                    ],
                    "primary": {
                        "id": "/subscriptions/bbe45b93-2296-483e-826c-1494457718f3/resourceGroups/BD/providers/Microsoft.Network/loadBalancers/BD-ILB/loadBalancingRules/HTTPS-LBRule",
                        "attributes": {
                            "backend_address_pool_id": "/subscriptions/bbe45b93-2296-483e-826c-1494457718f3/resourceGroups/BD/providers/Microsoft.Network/loadBalancers/BD-ILB/backendAddressPools/Web-Pool",
                            "backend_port": "443",
                            "enable_floating_ip": "false",
                            "frontend_ip_configuration_id": "/subscriptions/bbe45b93-2296-483e-826c-1494457718f3/resourceGroups/BD/providers/Microsoft.Network/loadBalancers/BD-ILB/frontendIPConfigurations/LoadBalancerFrontend",
                            "frontend_ip_configuration_name": "LoadBalancerFrontend",
                            "frontend_port": "443",
                            "id": "/subscriptions/bbe45b93-2296-483e-826c-1494457718f3/resourceGroups/BD/providers/Microsoft.Network/loadBalancers/BD-ILB/loadBalancingRules/HTTPS-LBRule",
                            "idle_timeout_in_minutes": "4",
                            "load_distribution": "Default",
                            "loadbalancer_id": "/subscriptions/bbe45b93-2296-483e-826c-1494457718f3/resourceGroups/BD/providers/Microsoft.Network/loadBalancers/BD-ILB",
                            "name": "HTTPS-LBRule",
                            "probe_id": "/subscriptions/bbe45b93-2296-483e-826c-1494457718f3/resourceGroups/BD/providers/Microsoft.Network/loadBalancers/BD-ILB/probes/HTTPS-Probe",
                            "protocol": "Tcp",
                            "resource_group_name": "BD"
                        },
                        "meta": {},
                        "tainted": false
                    },
                    "deposed": [],
                    "provider": "provider.azurerm"
                },
                "azurerm_lb_rule.HTTP_LBRule": {
                    "type": "azurerm_lb_rule",
                    "depends_on": [
                        "azurerm_lb.ILB_DMZ",
                        "azurerm_lb_backend_address_pool.Web_Pool",
                        "azurerm_lb_probe.HTTP_Probe",
                        "azurerm_resource_group.rg"
                    ],
                    "primary": {
                        "id": "/subscriptions/bbe45b93-2296-483e-826c-1494457718f3/resourceGroups/BD/providers/Microsoft.Network/loadBalancers/BD-ILB/loadBalancingRules/HTTP-LBRule",
                        "attributes": {
                            "backend_address_pool_id": "/subscriptions/bbe45b93-2296-483e-826c-1494457718f3/resourceGroups/BD/providers/Microsoft.Network/loadBalancers/BD-ILB/backendAddressPools/Web-Pool",
                            "backend_port": "80",
                            "enable_floating_ip": "false",
                            "frontend_ip_configuration_id": "/subscriptions/bbe45b93-2296-483e-826c-1494457718f3/resourceGroups/BD/providers/Microsoft.Network/loadBalancers/BD-ILB/frontendIPConfigurations/LoadBalancerFrontend",
                            "frontend_ip_configuration_name": "LoadBalancerFrontend",
                            "frontend_port": "80",
                            "id": "/subscriptions/bbe45b93-2296-483e-826c-1494457718f3/resourceGroups/BD/providers/Microsoft.Network/loadBalancers/BD-ILB/loadBalancingRules/HTTP-LBRule",
                            "idle_timeout_in_minutes": "4",
                            "load_distribution": "Default",
                            "loadbalancer_id": "/subscriptions/bbe45b93-2296-483e-826c-1494457718f3/resourceGroups/BD/providers/Microsoft.Network/loadBalancers/BD-ILB",
                            "name": "HTTP-LBRule",
                            "probe_id": "/subscriptions/bbe45b93-2296-483e-826c-1494457718f3/resourceGroups/BD/providers/Microsoft.Network/loadBalancers/BD-ILB/probes/HTTP-Probe",
                            "protocol": "Tcp",
                            "resource_group_name": "BD"
                        },
                        "meta": {},
                        "tainted": false
                    },
                    "deposed": [],
                    "provider": "provider.azurerm"
                },
                "azurerm_network_interface.DMZ": {
                    "type": "azurerm_network_interface",
                    "depends_on": [
                        "azurerm_network_security_group.nsg_DMZ",
                        "azurerm_resource_group.rg",
                        "azurerm_subnet.dmz_subnet"
                    ],
                    "primary": {
                        "id": "/subscriptions/bbe45b93-2296-483e-826c-1494457718f3/resourceGroups/BD/providers/Microsoft.Network/networkInterfaces/PCCA-HSFW00-eth3",
                        "attributes": {
                            "applied_dns_servers.#": "0",
                            "dns_servers.#": "0",
                            "enable_accelerated_networking": "false",
                            "enable_ip_forwarding": "false",
                            "id": "/subscriptions/bbe45b93-2296-483e-826c-1494457718f3/resourceGroups/BD/providers/Microsoft.Network/networkInterfaces/PCCA-HSFW00-eth3",
                            "internal_dns_name_label": "",
                            "ip_configuration.#": "1",
                            "ip_configuration.0.load_balancer_backend_address_pools_ids.#": "0",
                            "ip_configuration.0.load_balancer_inbound_nat_rules_ids.#": "0",
                            "ip_configuration.0.name": "FW-DMZ",
                            "ip_configuration.0.primary": "true",
                            "ip_configuration.0.private_ip_address": "10.3.3.4",
                            "ip_configuration.0.private_ip_address_allocation": "static",
                            "ip_configuration.0.public_ip_address_id": "",
                            "ip_configuration.0.subnet_id": "/subscriptions/bbe45b93-2296-483e-826c-1494457718f3/resourceGroups/BD/providers/Microsoft.Network/virtualNetworks/BD-vnet/subnets/sn-dmz",
                            "location": "canadacentral",
                            "mac_address": "00-0D-3A-F3-85-86",
                            "name": "PCCA-HSFW00-eth3",
                            "network_security_group_id": "/subscriptions/bbe45b93-2296-483e-826c-1494457718f3/resourceGroups/BD/providers/Microsoft.Network/networkSecurityGroups/nsg_DMZ",
                            "private_ip_address": "10.3.3.4",
                            "private_ip_addresses.#": "1",
                            "private_ip_addresses.0": "10.3.3.4",
                            "resource_group_name": "BD",
                            "tags.%": "0",
                            "virtual_machine_id": "/subscriptions/bbe45b93-2296-483e-826c-1494457718f3/resourceGroups/BD/providers/Microsoft.Compute/virtualMachines/PCCA-HSFW00"
                        },
                        "meta": {},
                        "tainted": false
                    },
                    "deposed": [],
                    "provider": "provider.azurerm"
                },
                "azurerm_network_interface.MGMT": {
                    "type": "azurerm_network_interface",
                    "depends_on": [
                        "azurerm_network_security_group.nsg_MGMT",
                        "azurerm_public_ip.FW_mgmt_pip",
                        "azurerm_resource_group.rg",
                        "azurerm_subnet.mgmt_subnet"
                    ],
                    "primary": {
                        "id": "/subscriptions/bbe45b93-2296-483e-826c-1494457718f3/resourceGroups/BD/providers/Microsoft.Network/networkInterfaces/PCCA-HSFW00-eth0",
                        "attributes": {
                            "applied_dns_servers.#": "0",
                            "dns_servers.#": "0",
                            "enable_accelerated_networking": "false",
                            "enable_ip_forwarding": "false",
                            "id": "/subscriptions/bbe45b93-2296-483e-826c-1494457718f3/resourceGroups/BD/providers/Microsoft.Network/networkInterfaces/PCCA-HSFW00-eth0",
                            "internal_dns_name_label": "",
                            "ip_configuration.#": "1",
                            "ip_configuration.0.load_balancer_backend_address_pools_ids.#": "0",
                            "ip_configuration.0.load_balancer_inbound_nat_rules_ids.#": "0",
                            "ip_configuration.0.name": "FW-MGMT",
                            "ip_configuration.0.primary": "true",
                            "ip_configuration.0.private_ip_address": "10.3.0.4",
                            "ip_configuration.0.private_ip_address_allocation": "static",
                            "ip_configuration.0.public_ip_address_id": "/subscriptions/bbe45b93-2296-483e-826c-1494457718f3/resourceGroups/BD/providers/Microsoft.Network/publicIPAddresses/FW-mgmt-pip",
                            "ip_configuration.0.subnet_id": "/subscriptions/bbe45b93-2296-483e-826c-1494457718f3/resourceGroups/BD/providers/Microsoft.Network/virtualNetworks/BD-vnet/subnets/sn-mgmt",
                            "location": "canadacentral",
                            "mac_address": "00-0D-3A-F3-87-3C",
                            "name": "PCCA-HSFW00-eth0",
                            "network_security_group_id": "/subscriptions/bbe45b93-2296-483e-826c-1494457718f3/resourceGroups/BD/providers/Microsoft.Network/networkSecurityGroups/nsg_MGMT",
                            "private_ip_address": "10.3.0.4",
                            "private_ip_addresses.#": "1",
                            "private_ip_addresses.0": "10.3.0.4",
                            "resource_group_name": "BD",
                            "tags.%": "0",
                            "virtual_machine_id": "/subscriptions/bbe45b93-2296-483e-826c-1494457718f3/resourceGroups/BD/providers/Microsoft.Compute/virtualMachines/PCCA-HSFW00"
                        },
                        "meta": {},
                        "tainted": false
                    },
                    "deposed": [],
                    "provider": "provider.azurerm"
                },
                "azurerm_network_interface.TRUST": {
                    "type": "azurerm_network_interface",
                    "depends_on": [
                        "azurerm_network_security_group.nsg_TRUST",
                        "azurerm_resource_group.rg",
                        "azurerm_subnet.trust_subnet"
                    ],
                    "primary": {
                        "id": "/subscriptions/bbe45b93-2296-483e-826c-1494457718f3/resourceGroups/BD/providers/Microsoft.Network/networkInterfaces/PCCA-HSFW00-eth2",
                        "attributes": {
                            "applied_dns_servers.#": "0",
                            "dns_servers.#": "0",
                            "enable_accelerated_networking": "false",
                            "enable_ip_forwarding": "false",
                            "id": "/subscriptions/bbe45b93-2296-483e-826c-1494457718f3/resourceGroups/BD/providers/Microsoft.Network/networkInterfaces/PCCA-HSFW00-eth2",
                            "internal_dns_name_label": "",
                            "ip_configuration.#": "1",
                            "ip_configuration.0.load_balancer_backend_address_pools_ids.#": "0",
                            "ip_configuration.0.load_balancer_inbound_nat_rules_ids.#": "0",
                            "ip_configuration.0.name": "FW-TRUST",
                            "ip_configuration.0.primary": "true",
                            "ip_configuration.0.private_ip_address": "10.3.2.4",
                            "ip_configuration.0.private_ip_address_allocation": "static",
                            "ip_configuration.0.public_ip_address_id": "",
                            "ip_configuration.0.subnet_id": "/subscriptions/bbe45b93-2296-483e-826c-1494457718f3/resourceGroups/BD/providers/Microsoft.Network/virtualNetworks/BD-vnet/subnets/sn-trust",
                            "location": "canadacentral",
                            "mac_address": "00-0D-3A-F3-89-EC",
                            "name": "PCCA-HSFW00-eth2",
                            "network_security_group_id": "/subscriptions/bbe45b93-2296-483e-826c-1494457718f3/resourceGroups/BD/providers/Microsoft.Network/networkSecurityGroups/nsg_TRUST",
                            "private_ip_address": "10.3.2.4",
                            "private_ip_addresses.#": "1",
                            "private_ip_addresses.0": "10.3.2.4",
                            "resource_group_name": "BD",
                            "tags.%": "0",
                            "virtual_machine_id": "/subscriptions/bbe45b93-2296-483e-826c-1494457718f3/resourceGroups/BD/providers/Microsoft.Compute/virtualMachines/PCCA-HSFW00"
                        },
                        "meta": {},
                        "tainted": false
                    },
                    "deposed": [],
                    "provider": "provider.azurerm"
                },
                "azurerm_network_interface.UNTRUST": {
                    "type": "azurerm_network_interface",
                    "depends_on": [
                        "azurerm_network_security_group.nsg_UNTRUST",
                        "azurerm_public_ip.FW_untrust_pip",
                        "azurerm_resource_group.rg",
                        "azurerm_subnet.untrust_subnet"
                    ],
                    "primary": {
                        "id": "/subscriptions/bbe45b93-2296-483e-826c-1494457718f3/resourceGroups/BD/providers/Microsoft.Network/networkInterfaces/PCCA-HSFW00-eth1",
                        "attributes": {
                            "applied_dns_servers.#": "0",
                            "dns_servers.#": "0",
                            "enable_accelerated_networking": "false",
                            "enable_ip_forwarding": "false",
                            "id": "/subscriptions/bbe45b93-2296-483e-826c-1494457718f3/resourceGroups/BD/providers/Microsoft.Network/networkInterfaces/PCCA-HSFW00-eth1",
                            "internal_dns_name_label": "",
                            "ip_configuration.#": "1",
                            "ip_configuration.0.load_balancer_backend_address_pools_ids.#": "0",
                            "ip_configuration.0.load_balancer_inbound_nat_rules_ids.#": "0",
                            "ip_configuration.0.name": "FW-UNTRUST",
                            "ip_configuration.0.primary": "true",
                            "ip_configuration.0.private_ip_address": "10.3.1.4",
                            "ip_configuration.0.private_ip_address_allocation": "static",
                            "ip_configuration.0.public_ip_address_id": "/subscriptions/bbe45b93-2296-483e-826c-1494457718f3/resourceGroups/BD/providers/Microsoft.Network/publicIPAddresses/FW-untrust-pip",
                            "ip_configuration.0.subnet_id": "/subscriptions/bbe45b93-2296-483e-826c-1494457718f3/resourceGroups/BD/providers/Microsoft.Network/virtualNetworks/BD-vnet/subnets/sn-untrust",
                            "location": "canadacentral",
                            "mac_address": "00-0D-3A-F3-8F-25",
                            "name": "PCCA-HSFW00-eth1",
                            "network_security_group_id": "/subscriptions/bbe45b93-2296-483e-826c-1494457718f3/resourceGroups/BD/providers/Microsoft.Network/networkSecurityGroups/nsg_UNTRUST",
                            "private_ip_address": "10.3.1.4",
                            "private_ip_addresses.#": "1",
                            "private_ip_addresses.0": "10.3.1.4",
                            "resource_group_name": "BD",
                            "tags.%": "0",
                            "virtual_machine_id": "/subscriptions/bbe45b93-2296-483e-826c-1494457718f3/resourceGroups/BD/providers/Microsoft.Compute/virtualMachines/PCCA-HSFW00"
                        },
                        "meta": {},
                        "tainted": false
                    },
                    "deposed": [],
                    "provider": "provider.azurerm"
                },
                "azurerm_network_security_group.nsg_APPGW": {
                    "type": "azurerm_network_security_group",
                    "depends_on": [
                        "azurerm_resource_group.rg"
                    ],
                    "primary": {
                        "id": "/subscriptions/bbe45b93-2296-483e-826c-1494457718f3/resourceGroups/BD/providers/Microsoft.Network/networkSecurityGroups/nsg_APPGW",
                        "attributes": {
                            "id": "/subscriptions/bbe45b93-2296-483e-826c-1494457718f3/resourceGroups/BD/providers/Microsoft.Network/networkSecurityGroups/nsg_APPGW",
                            "location": "canadacentral",
                            "name": "nsg_APPGW",
                            "resource_group_name": "BD",
                            "security_rule.#": "0",
                            "tags.%": "0"
                        },
                        "meta": {},
                        "tainted": false
                    },
                    "deposed": [],
                    "provider": "provider.azurerm"
                },
                "azurerm_network_security_group.nsg_DMZ": {
                    "type": "azurerm_network_security_group",
                    "depends_on": [
                        "azurerm_resource_group.rg"
                    ],
                    "primary": {
                        "id": "/subscriptions/bbe45b93-2296-483e-826c-1494457718f3/resourceGroups/BD/providers/Microsoft.Network/networkSecurityGroups/nsg_DMZ",
                        "attributes": {
                            "id": "/subscriptions/bbe45b93-2296-483e-826c-1494457718f3/resourceGroups/BD/providers/Microsoft.Network/networkSecurityGroups/nsg_DMZ",
                            "location": "canadacentral",
                            "name": "nsg_DMZ",
                            "resource_group_name": "BD",
                            "security_rule.#": "1",
                            "security_rule.0.access": "Allow",
                            "security_rule.0.description": "",
                            "security_rule.0.destination_address_prefix": "*",
                            "security_rule.0.destination_port_range": "3389",
                            "security_rule.0.direction": "Inbound",
                            "security_rule.0.name": "AllowRDPInBound",
                            "security_rule.0.priority": "1000",
                            "security_rule.0.protocol": "Tcp",
                            "security_rule.0.source_address_prefix": "*",
                            "security_rule.0.source_port_range": "*",
                            "tags.%": "0"
                        },
                        "meta": {},
                        "tainted": false
                    },
                    "deposed": [],
                    "provider": "provider.azurerm"
                },
                "azurerm_network_security_group.nsg_MGMT": {
                    "type": "azurerm_network_security_group",
                    "depends_on": [
                        "azurerm_resource_group.rg"
                    ],
                    "primary": {
                        "id": "/subscriptions/bbe45b93-2296-483e-826c-1494457718f3/resourceGroups/BD/providers/Microsoft.Network/networkSecurityGroups/nsg_MGMT",
                        "attributes": {
                            "id": "/subscriptions/bbe45b93-2296-483e-826c-1494457718f3/resourceGroups/BD/providers/Microsoft.Network/networkSecurityGroups/nsg_MGMT",
                            "location": "canadacentral",
                            "name": "nsg_MGMT",
                            "resource_group_name": "BD",
                            "security_rule.#": "5",
                            "security_rule.0.access": "Allow",
                            "security_rule.0.description": "",
                            "security_rule.0.destination_address_prefix": "*",
                            "security_rule.0.destination_port_range": "*",
                            "security_rule.0.direction": "Inbound",
                            "security_rule.0.name": "Allow-Intra",
                            "security_rule.0.priority": "1000",
                            "security_rule.0.protocol": "Tcp",
                            "security_rule.0.source_address_prefix": "10.3.0.0/24",
                            "security_rule.0.source_port_range": "*",
                            "security_rule.1.access": "Allow",
                            "security_rule.1.description": "",
                            "security_rule.1.destination_address_prefix": "10.3.0.4",
                            "security_rule.1.destination_port_range": "*",
                            "security_rule.1.direction": "Inbound",
                            "security_rule.1.name": "Allow-BHM-FW-Mgmt",
                            "security_rule.1.priority": "1100",
                            "security_rule.1.protocol": "*",
                            "security_rule.1.source_address_prefix": "66.194.102.38",
                            "security_rule.1.source_port_range": "*",
                            "security_rule.2.access": "Allow",
                            "security_rule.2.description": "",
                            "security_rule.2.destination_address_prefix": "10.3.0.4",
                            "security_rule.2.destination_port_range": "*",
                            "security_rule.2.direction": "Inbound",
                            "security_rule.2.name": "Allow-LAS-FW-Mgmt",
                            "security_rule.2.priority": "1200",
                            "security_rule.2.protocol": "*",
                            "security_rule.2.source_address_prefix": "216.115.73.53",
                            "security_rule.2.source_port_range": "*",
                            "security_rule.3.access": "Allow",
                            "security_rule.3.description": "",
                            "security_rule.3.destination_address_prefix": "10.3.0.4",
                            "security_rule.3.destination_port_range": "*",
                            "security_rule.3.direction": "Inbound",
                            "security_rule.3.name": "Allow-ATL-FW-Mgmt",
                            "security_rule.3.priority": "1300",
                            "security_rule.3.protocol": "*",
                            "security_rule.3.source_address_prefix": "12.129.108.27",
                            "security_rule.3.source_port_range": "*",
                            "security_rule.4.access": "Deny",
                            "security_rule.4.description": "",
                            "security_rule.4.destination_address_prefix": "*",
                            "security_rule.4.destination_port_range": "*",
                            "security_rule.4.direction": "Inbound",
                            "security_rule.4.name": "Default-Deny",
                            "security_rule.4.priority": "4096",
                            "security_rule.4.protocol": "*",
                            "security_rule.4.source_address_prefix": "*",
                            "security_rule.4.source_port_range": "*",
                            "tags.%": "0"
                        },
                        "meta": {},
                        "tainted": false
                    },
                    "deposed": [],
                    "provider": "provider.azurerm"
                },
                "azurerm_network_security_group.nsg_TRUST": {
                    "type": "azurerm_network_security_group",
                    "depends_on": [
                        "azurerm_resource_group.rg"
                    ],
                    "primary": {
                        "id": "/subscriptions/bbe45b93-2296-483e-826c-1494457718f3/resourceGroups/BD/providers/Microsoft.Network/networkSecurityGroups/nsg_TRUST",
                        "attributes": {
                            "id": "/subscriptions/bbe45b93-2296-483e-826c-1494457718f3/resourceGroups/BD/providers/Microsoft.Network/networkSecurityGroups/nsg_TRUST",
                            "location": "canadacentral",
                            "name": "nsg_TRUST",
                            "resource_group_name": "BD",
                            "security_rule.#": "3",
                            "security_rule.0.access": "Allow",
                            "security_rule.0.description": "",
                            "security_rule.0.destination_address_prefix": "*",
                            "security_rule.0.destination_port_range": "*",
                            "security_rule.0.direction": "Inbound",
                            "security_rule.0.name": "Inbound-LAS-Tunnel",
                            "security_rule.0.priority": "1000",
                            "security_rule.0.protocol": "*",
                            "security_rule.0.source_address_prefix": "216.115.73.53",
                            "security_rule.0.source_port_range": "*",
                            "security_rule.1.access": "Allow",
                            "security_rule.1.description": "",
                            "security_rule.1.destination_address_prefix": "*",
                            "security_rule.1.destination_port_range": "*",
                            "security_rule.1.direction": "Inbound",
                            "security_rule.1.name": "Inbound-BHM-Site",
                            "security_rule.1.priority": "1100",
                            "security_rule.1.protocol": "*",
                            "security_rule.1.source_address_prefix": "66.194.102.38",
                            "security_rule.1.source_port_range": "*",
                            "security_rule.2.access": "Allow",
                            "security_rule.2.description": "",
                            "security_rule.2.destination_address_prefix": "216.115.73.53",
                            "security_rule.2.destination_port_range": "*",
                            "security_rule.2.direction": "Outbound",
                            "security_rule.2.name": "Outbound-LAS-Tunnel",
                            "security_rule.2.priority": "1000",
                            "security_rule.2.protocol": "*",
                            "security_rule.2.source_address_prefix": "*",
                            "security_rule.2.source_port_range": "*",
                            "tags.%": "0"
                        },
                        "meta": {},
                        "tainted": false
                    },
                    "deposed": [],
                    "provider": "provider.azurerm"
                },
                "azurerm_network_security_group.nsg_UNTRUST": {
                    "type": "azurerm_network_security_group",
                    "depends_on": [
                        "azurerm_resource_group.rg"
                    ],
                    "primary": {
                        "id": "/subscriptions/bbe45b93-2296-483e-826c-1494457718f3/resourceGroups/BD/providers/Microsoft.Network/networkSecurityGroups/nsg_UNTRUST",
                        "attributes": {
                            "id": "/subscriptions/bbe45b93-2296-483e-826c-1494457718f3/resourceGroups/BD/providers/Microsoft.Network/networkSecurityGroups/nsg_UNTRUST",
                            "location": "canadacentral",
                            "name": "nsg_UNTRUST",
                            "resource_group_name": "BD",
                            "security_rule.#": "4",
                            "security_rule.0.access": "Allow",
                            "security_rule.0.description": "",
                            "security_rule.0.destination_address_prefix": "*",
                            "security_rule.0.destination_port_range": "*",
                            "security_rule.0.direction": "Inbound",
                            "security_rule.0.name": "Inbound-LAS-Tunnel",
                            "security_rule.0.priority": "1000",
                            "security_rule.0.protocol": "*",
                            "security_rule.0.source_address_prefix": "216.115.73.53",
                            "security_rule.0.source_port_range": "*",
                            "security_rule.1.access": "Allow",
                            "security_rule.1.description": "",
                            "security_rule.1.destination_address_prefix": "*",
                            "security_rule.1.destination_port_range": "*",
                            "security_rule.1.direction": "Inbound",
                            "security_rule.1.name": "Inbound-BHM-Site",
                            "security_rule.1.priority": "1100",
                            "security_rule.1.protocol": "*",
                            "security_rule.1.source_address_prefix": "66.194.102.38",
                            "security_rule.1.source_port_range": "*",
                            "security_rule.2.access": "Allow",
                            "security_rule.2.description": "",
                            "security_rule.2.destination_address_prefix": "*",
                            "security_rule.2.destination_port_range": "*",
                            "security_rule.2.direction": "Inbound",
                            "security_rule.2.name": "Inbound-ATL-Tunnel",
                            "security_rule.2.priority": "1200",
                            "security_rule.2.protocol": "*",
                            "security_rule.2.source_address_prefix": "12.129.108.27",
                            "security_rule.2.source_port_range": "*",
                            "security_rule.3.access": "Allow",
                            "security_rule.3.description": "",
                            "security_rule.3.destination_address_prefix": "216.115.73.53",
                            "security_rule.3.destination_port_range": "*",
                            "security_rule.3.direction": "Outbound",
                            "security_rule.3.name": "Outbound-LAS-Tunnel",
                            "security_rule.3.priority": "1000",
                            "security_rule.3.protocol": "*",
                            "security_rule.3.source_address_prefix": "*",
                            "security_rule.3.source_port_range": "*",
                            "tags.%": "0"
                        },
                        "meta": {},
                        "tainted": false
                    },
                    "deposed": [],
                    "provider": "provider.azurerm"
                },
                "azurerm_public_ip.AppGw_pip": {
                    "type": "azurerm_public_ip",
                    "depends_on": [
                        "azurerm_resource_group.rg"
                    ],
                    "primary": {
                        "id": "/subscriptions/bbe45b93-2296-483e-826c-1494457718f3/resourceGroups/BD/providers/Microsoft.Network/publicIPAddresses/AppGw-pip",
                        "attributes": {
                            "fqdn": "abbdcfa3-1b22-4b88-925b-440f027831f9.cloudapp.net",
                            "id": "/subscriptions/bbe45b93-2296-483e-826c-1494457718f3/resourceGroups/BD/providers/Microsoft.Network/publicIPAddresses/AppGw-pip",
                            "ip_address": "52.233.47.111",
                            "location": "canadacentral",
                            "name": "AppGw-pip",
                            "public_ip_address_allocation": "dynamic",
                            "resource_group_name": "BD",
                            "sku": "Basic",
                            "tags.%": "0"
                        },
                        "meta": {},
                        "tainted": false
                    },
                    "deposed": [],
                    "provider": "provider.azurerm"
                },
                "azurerm_public_ip.FW_mgmt_pip": {
                    "type": "azurerm_public_ip",
                    "depends_on": [
                        "azurerm_resource_group.rg"
                    ],
                    "primary": {
                        "id": "/subscriptions/bbe45b93-2296-483e-826c-1494457718f3/resourceGroups/BD/providers/Microsoft.Network/publicIPAddresses/FW-mgmt-pip",
                        "attributes": {
                            "id": "/subscriptions/bbe45b93-2296-483e-826c-1494457718f3/resourceGroups/BD/providers/Microsoft.Network/publicIPAddresses/FW-mgmt-pip",
                            "ip_address": "52.228.67.189",
                            "location": "canadacentral",
                            "name": "FW-mgmt-pip",
                            "public_ip_address_allocation": "static",
                            "resource_group_name": "BD",
                            "sku": "Basic",
                            "tags.%": "0"
                        },
                        "meta": {},
                        "tainted": false
                    },
                    "deposed": [],
                    "provider": "provider.azurerm"
                },
                "azurerm_public_ip.FW_untrust_pip": {
                    "type": "azurerm_public_ip",
                    "depends_on": [
                        "azurerm_resource_group.rg"
                    ],
                    "primary": {
                        "id": "/subscriptions/bbe45b93-2296-483e-826c-1494457718f3/resourceGroups/BD/providers/Microsoft.Network/publicIPAddresses/FW-untrust-pip",
                        "attributes": {
                            "id": "/subscriptions/bbe45b93-2296-483e-826c-1494457718f3/resourceGroups/BD/providers/Microsoft.Network/publicIPAddresses/FW-untrust-pip",
                            "ip_address": "52.233.42.25",
                            "location": "canadacentral",
                            "name": "FW-untrust-pip",
                            "public_ip_address_allocation": "static",
                            "resource_group_name": "BD",
                            "sku": "Basic",
                            "tags.%": "0"
                        },
                        "meta": {},
                        "tainted": false
                    },
                    "deposed": [],
                    "provider": "provider.azurerm"
                },
                "azurerm_resource_group.rg": {
                    "type": "azurerm_resource_group",
                    "depends_on": [],
                    "primary": {
                        "id": "/subscriptions/bbe45b93-2296-483e-826c-1494457718f3/resourceGroups/BD",
                        "attributes": {
                            "id": "/subscriptions/bbe45b93-2296-483e-826c-1494457718f3/resourceGroups/BD",
                            "location": "canadacentral",
                            "name": "BD",
                            "tags.%": "0"
                        },
                        "meta": {},
                        "tainted": false
                    },
                    "deposed": [],
                    "provider": "provider.azurerm"
                },
                "azurerm_route_table.dmz_route_table": {
                    "type": "azurerm_route_table",
                    "depends_on": [
                        "azurerm_resource_group.rg"
                    ],
                    "primary": {
                        "id": "/subscriptions/bbe45b93-2296-483e-826c-1494457718f3/resourceGroups/BD/providers/Microsoft.Network/routeTables/dmz_route_table",
                        "attributes": {
                            "id": "/subscriptions/bbe45b93-2296-483e-826c-1494457718f3/resourceGroups/BD/providers/Microsoft.Network/routeTables/dmz_route_table",
                            "location": "canadacentral",
                            "name": "dmz_route_table",
                            "resource_group_name": "BD",
                            "route.#": "2",
                            "route.0.address_prefix": "0.0.0.0/0",
                            "route.0.name": "default-route",
                            "route.0.next_hop_in_ip_address": "10.3.3.4",
                            "route.0.next_hop_type": "VirtualAppliance",
                            "route.1.address_prefix": "10.3.2.0/24",
                            "route.1.name": "dmz-to-trust",
                            "route.1.next_hop_in_ip_address": "10.3.3.4",
                            "route.1.next_hop_type": "VirtualAppliance",
                            "subnets.#": "1",
                            "subnets.1388310375": "/subscriptions/bbe45b93-2296-483e-826c-1494457718f3/resourceGroups/BD/providers/Microsoft.Network/virtualNetworks/BD-vnet/subnets/sn-dmz",
                            "tags.%": "0"
                        },
                        "meta": {},
                        "tainted": false
                    },
                    "deposed": [],
                    "provider": "provider.azurerm"
                },
                "azurerm_route_table.trust_route_table": {
                    "type": "azurerm_route_table",
                    "depends_on": [
                        "azurerm_resource_group.rg"
                    ],
                    "primary": {
                        "id": "/subscriptions/bbe45b93-2296-483e-826c-1494457718f3/resourceGroups/BD/providers/Microsoft.Network/routeTables/trust_route_table",
                        "attributes": {
                            "id": "/subscriptions/bbe45b93-2296-483e-826c-1494457718f3/resourceGroups/BD/providers/Microsoft.Network/routeTables/trust_route_table",
                            "location": "canadacentral",
                            "name": "trust_route_table",
                            "resource_group_name": "BD",
                            "route.#": "5",
                            "route.0.address_prefix": "0.0.0.0/0",
                            "route.0.name": "default-route",
                            "route.0.next_hop_in_ip_address": "10.3.2.4",
                            "route.0.next_hop_type": "VirtualAppliance",
                            "route.1.address_prefix": "10.3.3.0/24",
                            "route.1.name": "trust-to-dmz",
                            "route.1.next_hop_in_ip_address": "10.3.2.4",
                            "route.1.next_hop_type": "VirtualAppliance",
                            "route.2.address_prefix": "10.219.42.0/23",
                            "route.2.name": "trust-to-las-42-43",
                            "route.2.next_hop_in_ip_address": "10.3.2.4",
                            "route.2.next_hop_type": "VirtualAppliance",
                            "route.3.address_prefix": "10.219.46.0/23",
                            "route.3.name": "trust-to-las-46-47",
                            "route.3.next_hop_in_ip_address": "10.3.2.4",
                            "route.3.next_hop_type": "VirtualAppliance",
                            "route.4.address_prefix": "10.219.55.0/24",
                            "route.4.name": "trust-to-las-55",
                            "route.4.next_hop_in_ip_address": "10.3.2.4",
                            "route.4.next_hop_type": "VirtualAppliance",
                            "subnets.#": "1",
                            "subnets.1802259119": "/subscriptions/bbe45b93-2296-483e-826c-1494457718f3/resourceGroups/BD/providers/Microsoft.Network/virtualNetworks/BD-vnet/subnets/sn-trust",
                            "tags.%": "0"
                        },
                        "meta": {},
                        "tainted": false
                    },
                    "deposed": [],
                    "provider": "provider.azurerm"
                },
                "azurerm_subnet.appgw_subnet": {
                    "type": "azurerm_subnet",
                    "depends_on": [
                        "azurerm_network_security_group.nsg_APPGW",
                        "azurerm_resource_group.rg",
                        "azurerm_virtual_network.vnet"
                    ],
                    "primary": {
                        "id": "/subscriptions/bbe45b93-2296-483e-826c-1494457718f3/resourceGroups/BD/providers/Microsoft.Network/virtualNetworks/BD-vnet/subnets/sn-appgw",
                        "attributes": {
                            "address_prefix": "10.3.7.0/28",
                            "id": "/subscriptions/bbe45b93-2296-483e-826c-1494457718f3/resourceGroups/BD/providers/Microsoft.Network/virtualNetworks/BD-vnet/subnets/sn-appgw",
                            "ip_configurations.#": "0",
                            "name": "sn-appgw",
                            "network_security_group_id": "/subscriptions/bbe45b93-2296-483e-826c-1494457718f3/resourceGroups/BD/providers/Microsoft.Network/networkSecurityGroups/nsg_APPGW",
                            "resource_group_name": "BD",
                            "virtual_network_name": "BD-vnet"
                        },
                        "meta": {},
                        "tainted": false
                    },
                    "deposed": [],
                    "provider": "provider.azurerm"
                },
                "azurerm_subnet.dmz_subnet": {
                    "type": "azurerm_subnet",
                    "depends_on": [
                        "azurerm_network_security_group.nsg_DMZ",
                        "azurerm_resource_group.rg",
                        "azurerm_route_table.dmz_route_table",
                        "azurerm_virtual_network.vnet"
                    ],
                    "primary": {
                        "id": "/subscriptions/bbe45b93-2296-483e-826c-1494457718f3/resourceGroups/BD/providers/Microsoft.Network/virtualNetworks/BD-vnet/subnets/sn-dmz",
                        "attributes": {
                            "address_prefix": "10.3.3.0/24",
                            "id": "/subscriptions/bbe45b93-2296-483e-826c-1494457718f3/resourceGroups/BD/providers/Microsoft.Network/virtualNetworks/BD-vnet/subnets/sn-dmz",
                            "ip_configurations.#": "2",
                            "ip_configurations.1434790213": "/subscriptions/bbe45b93-2296-483e-826c-1494457718f3/resourceGroups/BD/providers/Microsoft.Network/networkInterfaces/PCCA-HSFW00-eth3/ipConfigurations/FW-DMZ",
                            "ip_configurations.6804912": "/subscriptions/bbe45b93-2296-483e-826c-1494457718f3/resourceGroups/BD/providers/Microsoft.Network/loadBalancers/BD-ILB/frontendIPConfigurations/LoadBalancerFrontend",
                            "name": "sn-dmz",
                            "network_security_group_id": "/subscriptions/bbe45b93-2296-483e-826c-1494457718f3/resourceGroups/BD/providers/Microsoft.Network/networkSecurityGroups/nsg_DMZ",
                            "resource_group_name": "BD",
                            "route_table_id": "/subscriptions/bbe45b93-2296-483e-826c-1494457718f3/resourceGroups/BD/providers/Microsoft.Network/routeTables/dmz_route_table",
                            "virtual_network_name": "BD-vnet"
                        },
                        "meta": {},
                        "tainted": false
                    },
                    "deposed": [],
                    "provider": "provider.azurerm"
                },
                "azurerm_subnet.mgmt_subnet": {
                    "type": "azurerm_subnet",
                    "depends_on": [
                        "azurerm_network_security_group.nsg_MGMT",
                        "azurerm_resource_group.rg",
                        "azurerm_virtual_network.vnet"
                    ],
                    "primary": {
                        "id": "/subscriptions/bbe45b93-2296-483e-826c-1494457718f3/resourceGroups/BD/providers/Microsoft.Network/virtualNetworks/BD-vnet/subnets/sn-mgmt",
                        "attributes": {
                            "address_prefix": "10.3.0.0/24",
                            "id": "/subscriptions/bbe45b93-2296-483e-826c-1494457718f3/resourceGroups/BD/providers/Microsoft.Network/virtualNetworks/BD-vnet/subnets/sn-mgmt",
                            "ip_configurations.#": "1",
                            "ip_configurations.1068296548": "/subscriptions/bbe45b93-2296-483e-826c-1494457718f3/resourceGroups/BD/providers/Microsoft.Network/networkInterfaces/PCCA-HSFW00-eth0/ipConfigurations/FW-MGMT",
                            "name": "sn-mgmt",
                            "network_security_group_id": "/subscriptions/bbe45b93-2296-483e-826c-1494457718f3/resourceGroups/BD/providers/Microsoft.Network/networkSecurityGroups/nsg_MGMT",
                            "resource_group_name": "BD",
                            "virtual_network_name": "BD-vnet"
                        },
                        "meta": {},
                        "tainted": false
                    },
                    "deposed": [],
                    "provider": "provider.azurerm"
                },
                "azurerm_subnet.trust_subnet": {
                    "type": "azurerm_subnet",
                    "depends_on": [
                        "azurerm_network_security_group.nsg_TRUST",
                        "azurerm_resource_group.rg",
                        "azurerm_route_table.trust_route_table",
                        "azurerm_virtual_network.vnet"
                    ],
                    "primary": {
                        "id": "/subscriptions/bbe45b93-2296-483e-826c-1494457718f3/resourceGroups/BD/providers/Microsoft.Network/virtualNetworks/BD-vnet/subnets/sn-trust",
                        "attributes": {
                            "address_prefix": "10.3.2.0/24",
                            "id": "/subscriptions/bbe45b93-2296-483e-826c-1494457718f3/resourceGroups/BD/providers/Microsoft.Network/virtualNetworks/BD-vnet/subnets/sn-trust",
                            "ip_configurations.#": "1",
                            "ip_configurations.2126476059": "/subscriptions/bbe45b93-2296-483e-826c-1494457718f3/resourceGroups/BD/providers/Microsoft.Network/networkInterfaces/PCCA-HSFW00-eth2/ipConfigurations/FW-TRUST",
                            "name": "sn-trust",
                            "network_security_group_id": "/subscriptions/bbe45b93-2296-483e-826c-1494457718f3/resourceGroups/BD/providers/Microsoft.Network/networkSecurityGroups/nsg_TRUST",
                            "resource_group_name": "BD",
                            "route_table_id": "/subscriptions/bbe45b93-2296-483e-826c-1494457718f3/resourceGroups/BD/providers/Microsoft.Network/routeTables/trust_route_table",
                            "virtual_network_name": "BD-vnet"
                        },
                        "meta": {},
                        "tainted": false
                    },
                    "deposed": [],
                    "provider": "provider.azurerm"
                },
                "azurerm_subnet.untrust_subnet": {
                    "type": "azurerm_subnet",
                    "depends_on": [
                        "azurerm_network_security_group.nsg_UNTRUST",
                        "azurerm_resource_group.rg",
                        "azurerm_virtual_network.vnet"
                    ],
                    "primary": {
                        "id": "/subscriptions/bbe45b93-2296-483e-826c-1494457718f3/resourceGroups/BD/providers/Microsoft.Network/virtualNetworks/BD-vnet/subnets/sn-untrust",
                        "attributes": {
                            "address_prefix": "10.3.1.0/24",
                            "id": "/subscriptions/bbe45b93-2296-483e-826c-1494457718f3/resourceGroups/BD/providers/Microsoft.Network/virtualNetworks/BD-vnet/subnets/sn-untrust",
                            "ip_configurations.#": "1",
                            "ip_configurations.788962044": "/subscriptions/bbe45b93-2296-483e-826c-1494457718f3/resourceGroups/BD/providers/Microsoft.Network/networkInterfaces/PCCA-HSFW00-eth1/ipConfigurations/FW-UNTRUST",
                            "name": "sn-untrust",
                            "network_security_group_id": "/subscriptions/bbe45b93-2296-483e-826c-1494457718f3/resourceGroups/BD/providers/Microsoft.Network/networkSecurityGroups/nsg_UNTRUST",
                            "resource_group_name": "BD",
                            "virtual_network_name": "BD-vnet"
                        },
                        "meta": {},
                        "tainted": false
                    },
                    "deposed": [],
                    "provider": "provider.azurerm"
                },
                "azurerm_virtual_machine.FW": {
                    "type": "azurerm_virtual_machine",
                    "depends_on": [
                        "azurerm_availability_set.FWAVS",
                        "azurerm_network_interface.DMZ",
                        "azurerm_network_interface.MGMT",
                        "azurerm_network_interface.TRUST",
                        "azurerm_network_interface.UNTRUST",
                        "azurerm_resource_group.rg"
                    ],
                    "primary": {
                        "id": "/subscriptions/bbe45b93-2296-483e-826c-1494457718f3/resourceGroups/BD/providers/Microsoft.Compute/virtualMachines/PCCA-HSFW00",
                        "attributes": {
                            "availability_set_id": "/subscriptions/bbe45b93-2296-483e-826c-1494457718f3/resourcegroups/bd/providers/microsoft.compute/availabilitysets/avs-hs-fw",
                            "delete_data_disks_on_termination": "false",
                            "delete_os_disk_on_termination": "false",
                            "id": "/subscriptions/bbe45b93-2296-483e-826c-1494457718f3/resourceGroups/BD/providers/Microsoft.Compute/virtualMachines/PCCA-HSFW00",
                            "identity.#": "0",
                            "location": "canadacentral",
                            "name": "PCCA-HSFW00",
                            "network_interface_ids.#": "4",
                            "network_interface_ids.0": "/subscriptions/bbe45b93-2296-483e-826c-1494457718f3/resourceGroups/BD/providers/Microsoft.Network/networkInterfaces/PCCA-HSFW00-eth0",
                            "network_interface_ids.1": "/subscriptions/bbe45b93-2296-483e-826c-1494457718f3/resourceGroups/BD/providers/Microsoft.Network/networkInterfaces/PCCA-HSFW00-eth1",
                            "network_interface_ids.2": "/subscriptions/bbe45b93-2296-483e-826c-1494457718f3/resourceGroups/BD/providers/Microsoft.Network/networkInterfaces/PCCA-HSFW00-eth2",
                            "network_interface_ids.3": "/subscriptions/bbe45b93-2296-483e-826c-1494457718f3/resourceGroups/BD/providers/Microsoft.Network/networkInterfaces/PCCA-HSFW00-eth3",
                            "os_profile.#": "1",
                            "os_profile.3649113088.admin_password": "",
                            "os_profile.3649113088.admin_username": "adminuser",
                            "os_profile.3649113088.computer_name": "PCCA-HSFW00",
                            "os_profile.3649113088.custom_data": "",
                            "os_profile_linux_config.#": "1",
                            "os_profile_linux_config.2972667452.disable_password_authentication": "false",
                            "os_profile_linux_config.2972667452.ssh_keys.#": "0",
                            "os_profile_secrets.#": "0",
                            "plan.#": "1",
                            "plan.0.name": "bundle2",
                            "plan.0.product": "vmseries1",
                            "plan.0.publisher": "paloaltonetworks",
                            "primary_network_interface_id": "/subscriptions/bbe45b93-2296-483e-826c-1494457718f3/resourceGroups/BD/providers/Microsoft.Network/networkInterfaces/PCCA-HSFW00-eth0",
                            "resource_group_name": "BD",
                            "storage_data_disk.#": "0",
                            "storage_image_reference.#": "1",
                            "storage_image_reference.2706403557.id": "",
                            "storage_image_reference.2706403557.offer": "vmseries1",
                            "storage_image_reference.2706403557.publisher": "paloaltonetworks",
                            "storage_image_reference.2706403557.sku": "bundle2",
                            "storage_image_reference.2706403557.version": "latest",
                            "storage_os_disk.#": "1",
                            "storage_os_disk.0.caching": "ReadWrite",
                            "storage_os_disk.0.create_option": "FromImage",
                            "storage_os_disk.0.disk_size_gb": "60",
                            "storage_os_disk.0.image_uri": "",
                            "storage_os_disk.0.managed_disk_id": "/subscriptions/bbe45b93-2296-483e-826c-1494457718f3/resourceGroups/BD/providers/Microsoft.Compute/disks/PCCA-HSFW00_OS",
                            "storage_os_disk.0.managed_disk_type": "Standard_LRS",
                            "storage_os_disk.0.name": "PCCA-HSFW00_OS",
                            "storage_os_disk.0.os_type": "Linux",
                            "storage_os_disk.0.vhd_uri": "",
                            "tags.%": "0",
                            "vm_size": "Standard_D3_v2"
                        },
                        "meta": {},
                        "tainted": false
                    },
                    "deposed": [],
                    "provider": "provider.azurerm"
                },
                "azurerm_virtual_network.vnet": {
                    "type": "azurerm_virtual_network",
                    "depends_on": [
                        "azurerm_resource_group.rg"
                    ],
                    "primary": {
                        "id": "/subscriptions/bbe45b93-2296-483e-826c-1494457718f3/resourceGroups/BD/providers/Microsoft.Network/virtualNetworks/BD-vnet",
                        "attributes": {
                            "address_space.#": "1",
                            "address_space.0": "10.3.0.0/21",
                            "dns_servers.#": "1",
                            "dns_servers.0": "10.219.55.10",
                            "id": "/subscriptions/bbe45b93-2296-483e-826c-1494457718f3/resourceGroups/BD/providers/Microsoft.Network/virtualNetworks/BD-vnet",
                            "location": "canadacentral",
                            "name": "BD-vnet",
                            "resource_group_name": "BD",
                            "subnet.#": "5",
                            "subnet.1178319946.address_prefix": "10.3.3.0/24",
                            "subnet.1178319946.name": "sn-dmz",
                            "subnet.1178319946.security_group": "/subscriptions/bbe45b93-2296-483e-826c-1494457718f3/resourceGroups/BD/providers/Microsoft.Network/networkSecurityGroups/nsg_DMZ",
                            "subnet.1955340697.address_prefix": "10.3.0.0/24",
                            "subnet.1955340697.name": "sn-mgmt",
                            "subnet.1955340697.security_group": "/subscriptions/bbe45b93-2296-483e-826c-1494457718f3/resourceGroups/BD/providers/Microsoft.Network/networkSecurityGroups/nsg_MGMT",
                            "subnet.2424926482.address_prefix": "10.3.1.0/24",
                            "subnet.2424926482.name": "sn-untrust",
                            "subnet.2424926482.security_group": "/subscriptions/bbe45b93-2296-483e-826c-1494457718f3/resourceGroups/BD/providers/Microsoft.Network/networkSecurityGroups/nsg_UNTRUST",
                            "subnet.4261721345.address_prefix": "10.3.2.0/24",
                            "subnet.4261721345.name": "sn-trust",
                            "subnet.4261721345.security_group": "/subscriptions/bbe45b93-2296-483e-826c-1494457718f3/resourceGroups/BD/providers/Microsoft.Network/networkSecurityGroups/nsg_TRUST",
                            "subnet.801786770.address_prefix": "10.3.7.0/28",
                            "subnet.801786770.name": "sn-appgw",
                            "subnet.801786770.security_group": "/subscriptions/bbe45b93-2296-483e-826c-1494457718f3/resourceGroups/BD/providers/Microsoft.Network/networkSecurityGroups/nsg_APPGW",
                            "tags.%": "0"
                        },
                        "meta": {},
                        "tainted": false
                    },
                    "deposed": [],
                    "provider": "provider.azurerm"
                }
            },
            "depends_on": []
        }
    ]
}
