{
    "version": 3,
    "terraform_version": "0.11.3",
    "serial": 36,
    "lineage": "953d36b4-ba14-4829-96d2-0a07a0140b5c",
    "modules": [
        {
            "path": [
                "root"
            ],
            "outputs": {},
            "resources": {
                "azurerm_availability_set.MDBAVS": {
                    "type": "azurerm_availability_set",
                    "depends_on": [
                        "azurerm_resource_group.vmrg"
                    ],
                    "primary": {
                        "id": "/subscriptions/bbe45b93-2296-483e-826c-1494457718f3/resourceGroups/RG-CC-KP-PROD/providers/Microsoft.Compute/availabilitySets/AVS-CC-KP-DB-MED",
                        "attributes": {
                            "id": "/subscriptions/bbe45b93-2296-483e-826c-1494457718f3/resourceGroups/RG-CC-KP-PROD/providers/Microsoft.Compute/availabilitySets/AVS-CC-KP-DB-MED",
                            "location": "canadacentral",
                            "managed": "true",
                            "name": "AVS-CC-KP-DB-MED",
                            "platform_fault_domain_count": "2",
                            "platform_update_domain_count": "5",
                            "resource_group_name": "RG-CC-KP-PROD",
                            "tags.%": "0"
                        },
                        "meta": {},
                        "tainted": false
                    },
                    "deposed": [],
                    "provider": "provider.azurerm"
                },
                "azurerm_availability_set.WEBAVS": {
                    "type": "azurerm_availability_set",
                    "depends_on": [
                        "azurerm_resource_group.vmrg"
                    ],
                    "primary": {
                        "id": "/subscriptions/bbe45b93-2296-483e-826c-1494457718f3/resourceGroups/RG-CC-KP-PROD/providers/Microsoft.Compute/availabilitySets/AVS-CC-KP-WEB",
                        "attributes": {
                            "id": "/subscriptions/bbe45b93-2296-483e-826c-1494457718f3/resourceGroups/RG-CC-KP-PROD/providers/Microsoft.Compute/availabilitySets/AVS-CC-KP-WEB",
                            "location": "canadacentral",
                            "managed": "true",
                            "name": "AVS-CC-KP-WEB",
                            "platform_fault_domain_count": "2",
                            "platform_update_domain_count": "5",
                            "resource_group_name": "RG-CC-KP-PROD",
                            "tags.%": "0"
                        },
                        "meta": {},
                        "tainted": false
                    },
                    "deposed": [],
                    "provider": "provider.azurerm"
                },
                "azurerm_network_security_group.nsg_APPGW": {
                    "type": "azurerm_network_security_group",
                    "depends_on": [
                        "azurerm_resource_group.rg"
                    ],
                    "primary": {
                        "id": "/subscriptions/bbe45b93-2296-483e-826c-1494457718f3/resourceGroups/RG-CC-HSOPS-PROD/providers/Microsoft.Network/networkSecurityGroups/nsg_APPGW",
                        "attributes": {
                            "id": "/subscriptions/bbe45b93-2296-483e-826c-1494457718f3/resourceGroups/RG-CC-HSOPS-PROD/providers/Microsoft.Network/networkSecurityGroups/nsg_APPGW",
                            "location": "canadacentral",
                            "name": "nsg_APPGW",
                            "resource_group_name": "RG-CC-HSOPS-PROD",
                            "security_rule.#": "0",
                            "tags.%": "0"
                        },
                        "meta": {},
                        "tainted": false
                    },
                    "deposed": [],
                    "provider": "provider.azurerm"
                },
                "azurerm_network_security_group.nsg_DMZ": {
                    "type": "azurerm_network_security_group",
                    "depends_on": [
                        "azurerm_resource_group.rg"
                    ],
                    "primary": {
                        "id": "/subscriptions/bbe45b93-2296-483e-826c-1494457718f3/resourceGroups/RG-CC-HSOPS-PROD/providers/Microsoft.Network/networkSecurityGroups/nsg_DMZ",
                        "attributes": {
                            "id": "/subscriptions/bbe45b93-2296-483e-826c-1494457718f3/resourceGroups/RG-CC-HSOPS-PROD/providers/Microsoft.Network/networkSecurityGroups/nsg_DMZ",
                            "location": "canadacentral",
                            "name": "nsg_DMZ",
                            "resource_group_name": "RG-CC-HSOPS-PROD",
                            "security_rule.#": "1",
                            "security_rule.0.access": "Allow",
                            "security_rule.0.description": "",
                            "security_rule.0.destination_address_prefix": "*",
                            "security_rule.0.destination_port_range": "3389",
                            "security_rule.0.direction": "Inbound",
                            "security_rule.0.name": "AllowRDPInBound",
                            "security_rule.0.priority": "1000",
                            "security_rule.0.protocol": "Tcp",
                            "security_rule.0.source_address_prefix": "*",
                            "security_rule.0.source_port_range": "*",
                            "tags.%": "0"
                        },
                        "meta": {},
                        "tainted": false
                    },
                    "deposed": [],
                    "provider": "provider.azurerm"
                },
                "azurerm_network_security_group.nsg_MGMT": {
                    "type": "azurerm_network_security_group",
                    "depends_on": [
                        "azurerm_resource_group.rg"
                    ],
                    "primary": {
                        "id": "/subscriptions/bbe45b93-2296-483e-826c-1494457718f3/resourceGroups/RG-CC-HSOPS-PROD/providers/Microsoft.Network/networkSecurityGroups/nsg_MGMT",
                        "attributes": {
                            "id": "/subscriptions/bbe45b93-2296-483e-826c-1494457718f3/resourceGroups/RG-CC-HSOPS-PROD/providers/Microsoft.Network/networkSecurityGroups/nsg_MGMT",
                            "location": "canadacentral",
                            "name": "nsg_MGMT",
                            "resource_group_name": "RG-CC-HSOPS-PROD",
                            "security_rule.#": "5",
                            "security_rule.0.access": "Allow",
                            "security_rule.0.description": "",
                            "security_rule.0.destination_address_prefix": "*",
                            "security_rule.0.destination_port_range": "*",
                            "security_rule.0.direction": "Inbound",
                            "security_rule.0.name": "Allow-Intra",
                            "security_rule.0.priority": "1000",
                            "security_rule.0.protocol": "Tcp",
                            "security_rule.0.source_address_prefix": "10.3.0.0/24",
                            "security_rule.0.source_port_range": "*",
                            "security_rule.1.access": "Allow",
                            "security_rule.1.description": "",
                            "security_rule.1.destination_address_prefix": "10.3.0.4",
                            "security_rule.1.destination_port_range": "*",
                            "security_rule.1.direction": "Inbound",
                            "security_rule.1.name": "Allow-BHM-FW-Mgmt",
                            "security_rule.1.priority": "1100",
                            "security_rule.1.protocol": "*",
                            "security_rule.1.source_address_prefix": "66.194.102.38",
                            "security_rule.1.source_port_range": "*",
                            "security_rule.2.access": "Allow",
                            "security_rule.2.description": "",
                            "security_rule.2.destination_address_prefix": "10.3.0.4",
                            "security_rule.2.destination_port_range": "*",
                            "security_rule.2.direction": "Inbound",
                            "security_rule.2.name": "Allow-LAS-FW-Mgmt",
                            "security_rule.2.priority": "1200",
                            "security_rule.2.protocol": "*",
                            "security_rule.2.source_address_prefix": "216.115.73.53",
                            "security_rule.2.source_port_range": "*",
                            "security_rule.3.access": "Allow",
                            "security_rule.3.description": "",
                            "security_rule.3.destination_address_prefix": "10.3.0.4",
                            "security_rule.3.destination_port_range": "*",
                            "security_rule.3.direction": "Inbound",
                            "security_rule.3.name": "Allow-ATL-FW-Mgmt",
                            "security_rule.3.priority": "1300",
                            "security_rule.3.protocol": "*",
                            "security_rule.3.source_address_prefix": "12.129.108.27",
                            "security_rule.3.source_port_range": "*",
                            "security_rule.4.access": "Deny",
                            "security_rule.4.description": "",
                            "security_rule.4.destination_address_prefix": "*",
                            "security_rule.4.destination_port_range": "*",
                            "security_rule.4.direction": "Inbound",
                            "security_rule.4.name": "Default-Deny",
                            "security_rule.4.priority": "4096",
                            "security_rule.4.protocol": "*",
                            "security_rule.4.source_address_prefix": "*",
                            "security_rule.4.source_port_range": "*",
                            "tags.%": "0"
                        },
                        "meta": {},
                        "tainted": false
                    },
                    "deposed": [],
                    "provider": "provider.azurerm"
                },
                "azurerm_network_security_group.nsg_TRUST": {
                    "type": "azurerm_network_security_group",
                    "depends_on": [
                        "azurerm_resource_group.rg"
                    ],
                    "primary": {
                        "id": "/subscriptions/bbe45b93-2296-483e-826c-1494457718f3/resourceGroups/RG-CC-HSOPS-PROD/providers/Microsoft.Network/networkSecurityGroups/nsg_TRUST",
                        "attributes": {
                            "id": "/subscriptions/bbe45b93-2296-483e-826c-1494457718f3/resourceGroups/RG-CC-HSOPS-PROD/providers/Microsoft.Network/networkSecurityGroups/nsg_TRUST",
                            "location": "canadacentral",
                            "name": "nsg_TRUST",
                            "resource_group_name": "RG-CC-HSOPS-PROD",
                            "security_rule.#": "3",
                            "security_rule.0.access": "Allow",
                            "security_rule.0.description": "",
                            "security_rule.0.destination_address_prefix": "*",
                            "security_rule.0.destination_port_range": "*",
                            "security_rule.0.direction": "Inbound",
                            "security_rule.0.name": "Inbound-LAS-Tunnel",
                            "security_rule.0.priority": "1000",
                            "security_rule.0.protocol": "*",
                            "security_rule.0.source_address_prefix": "216.115.73.53",
                            "security_rule.0.source_port_range": "*",
                            "security_rule.1.access": "Allow",
                            "security_rule.1.description": "",
                            "security_rule.1.destination_address_prefix": "*",
                            "security_rule.1.destination_port_range": "*",
                            "security_rule.1.direction": "Inbound",
                            "security_rule.1.name": "Inbound-BHM-Site",
                            "security_rule.1.priority": "1100",
                            "security_rule.1.protocol": "*",
                            "security_rule.1.source_address_prefix": "66.194.102.38",
                            "security_rule.1.source_port_range": "*",
                            "security_rule.2.access": "Allow",
                            "security_rule.2.description": "",
                            "security_rule.2.destination_address_prefix": "216.115.73.53",
                            "security_rule.2.destination_port_range": "*",
                            "security_rule.2.direction": "Outbound",
                            "security_rule.2.name": "Outbound-LAS-Tunnel",
                            "security_rule.2.priority": "1000",
                            "security_rule.2.protocol": "*",
                            "security_rule.2.source_address_prefix": "*",
                            "security_rule.2.source_port_range": "*",
                            "tags.%": "0"
                        },
                        "meta": {},
                        "tainted": false
                    },
                    "deposed": [],
                    "provider": "provider.azurerm"
                },
                "azurerm_network_security_group.nsg_UNTRUST": {
                    "type": "azurerm_network_security_group",
                    "depends_on": [
                        "azurerm_resource_group.rg"
                    ],
                    "primary": {
                        "id": "/subscriptions/bbe45b93-2296-483e-826c-1494457718f3/resourceGroups/RG-CC-HSOPS-PROD/providers/Microsoft.Network/networkSecurityGroups/nsg_UNTRUST",
                        "attributes": {
                            "id": "/subscriptions/bbe45b93-2296-483e-826c-1494457718f3/resourceGroups/RG-CC-HSOPS-PROD/providers/Microsoft.Network/networkSecurityGroups/nsg_UNTRUST",
                            "location": "canadacentral",
                            "name": "nsg_UNTRUST",
                            "resource_group_name": "RG-CC-HSOPS-PROD",
                            "security_rule.#": "4",
                            "security_rule.0.access": "Allow",
                            "security_rule.0.description": "",
                            "security_rule.0.destination_address_prefix": "*",
                            "security_rule.0.destination_port_range": "*",
                            "security_rule.0.direction": "Inbound",
                            "security_rule.0.name": "Inbound-LAS-Tunnel",
                            "security_rule.0.priority": "1000",
                            "security_rule.0.protocol": "*",
                            "security_rule.0.source_address_prefix": "216.115.73.53",
                            "security_rule.0.source_port_range": "*",
                            "security_rule.1.access": "Allow",
                            "security_rule.1.description": "",
                            "security_rule.1.destination_address_prefix": "*",
                            "security_rule.1.destination_port_range": "*",
                            "security_rule.1.direction": "Inbound",
                            "security_rule.1.name": "Inbound-BHM-Site",
                            "security_rule.1.priority": "1100",
                            "security_rule.1.protocol": "*",
                            "security_rule.1.source_address_prefix": "66.194.102.38",
                            "security_rule.1.source_port_range": "*",
                            "security_rule.2.access": "Allow",
                            "security_rule.2.description": "",
                            "security_rule.2.destination_address_prefix": "*",
                            "security_rule.2.destination_port_range": "*",
                            "security_rule.2.direction": "Inbound",
                            "security_rule.2.name": "Inbound-ATL-Tunnel",
                            "security_rule.2.priority": "1200",
                            "security_rule.2.protocol": "*",
                            "security_rule.2.source_address_prefix": "12.129.108.27",
                            "security_rule.2.source_port_range": "*",
                            "security_rule.3.access": "Allow",
                            "security_rule.3.description": "",
                            "security_rule.3.destination_address_prefix": "216.115.73.53",
                            "security_rule.3.destination_port_range": "*",
                            "security_rule.3.direction": "Outbound",
                            "security_rule.3.name": "Outbound-LAS-Tunnel",
                            "security_rule.3.priority": "1000",
                            "security_rule.3.protocol": "*",
                            "security_rule.3.source_address_prefix": "*",
                            "security_rule.3.source_port_range": "*",
                            "tags.%": "0"
                        },
                        "meta": {},
                        "tainted": false
                    },
                    "deposed": [],
                    "provider": "provider.azurerm"
                },
                "azurerm_public_ip.AppGw_pip": {
                    "type": "azurerm_public_ip",
                    "depends_on": [
                        "azurerm_resource_group.vmrg"
                    ],
                    "primary": {
                        "id": "/subscriptions/bbe45b93-2296-483e-826c-1494457718f3/resourceGroups/RG-CC-KP-PROD/providers/Microsoft.Network/publicIPAddresses/AppGw-pip",
                        "attributes": {
                            "fqdn": "9f5a009f-bef4-4c86-a9c7-73dc1556a53d.cloudapp.net",
                            "id": "/subscriptions/bbe45b93-2296-483e-826c-1494457718f3/resourceGroups/RG-CC-KP-PROD/providers/Microsoft.Network/publicIPAddresses/AppGw-pip",
                            "ip_address": "52.228.45.66",
                            "location": "canadacentral",
                            "name": "AppGw-pip",
                            "public_ip_address_allocation": "dynamic",
                            "resource_group_name": "RG-CC-KP-PROD",
                            "sku": "Basic",
                            "tags.%": "0"
                        },
                        "meta": {},
                        "tainted": false
                    },
                    "deposed": [],
                    "provider": "provider.azurerm"
                },
                "azurerm_public_ip.FW_mgmt_pip": {
                    "type": "azurerm_public_ip",
                    "depends_on": [
                        "azurerm_resource_group.vmrg"
                    ],
                    "primary": {
                        "id": "/subscriptions/bbe45b93-2296-483e-826c-1494457718f3/resourceGroups/RG-CC-KP-PROD/providers/Microsoft.Network/publicIPAddresses/FW-mgmt-pip",
                        "attributes": {
                            "id": "/subscriptions/bbe45b93-2296-483e-826c-1494457718f3/resourceGroups/RG-CC-KP-PROD/providers/Microsoft.Network/publicIPAddresses/FW-mgmt-pip",
                            "ip_address": "52.233.44.151",
                            "location": "canadacentral",
                            "name": "FW-mgmt-pip",
                            "public_ip_address_allocation": "static",
                            "resource_group_name": "RG-CC-KP-PROD",
                            "sku": "Basic",
                            "tags.%": "0"
                        },
                        "meta": {},
                        "tainted": false
                    },
                    "deposed": [],
                    "provider": "provider.azurerm"
                },
                "azurerm_public_ip.FW_untrust_pip": {
                    "type": "azurerm_public_ip",
                    "depends_on": [
                        "azurerm_resource_group.vmrg"
                    ],
                    "primary": {
                        "id": "/subscriptions/bbe45b93-2296-483e-826c-1494457718f3/resourceGroups/RG-CC-KP-PROD/providers/Microsoft.Network/publicIPAddresses/FW-untrust-pip",
                        "attributes": {
                            "id": "/subscriptions/bbe45b93-2296-483e-826c-1494457718f3/resourceGroups/RG-CC-KP-PROD/providers/Microsoft.Network/publicIPAddresses/FW-untrust-pip",
                            "ip_address": "52.228.36.59",
                            "location": "canadacentral",
                            "name": "FW-untrust-pip",
                            "public_ip_address_allocation": "static",
                            "resource_group_name": "RG-CC-KP-PROD",
                            "sku": "Basic",
                            "tags.%": "0"
                        },
                        "meta": {},
                        "tainted": false
                    },
                    "deposed": [],
                    "provider": "provider.azurerm"
                },
                "azurerm_resource_group.rg": {
                    "type": "azurerm_resource_group",
                    "depends_on": [],
                    "primary": {
                        "id": "/subscriptions/bbe45b93-2296-483e-826c-1494457718f3/resourceGroups/RG-CC-HSOPS-PROD",
                        "attributes": {
                            "id": "/subscriptions/bbe45b93-2296-483e-826c-1494457718f3/resourceGroups/RG-CC-HSOPS-PROD",
                            "location": "canadacentral",
                            "name": "RG-CC-HSOPS-PROD",
                            "tags.%": "0"
                        },
                        "meta": {},
                        "tainted": false
                    },
                    "deposed": [],
                    "provider": "provider.azurerm"
                },
                "azurerm_resource_group.vmrg": {
                    "type": "azurerm_resource_group",
                    "depends_on": [],
                    "primary": {
                        "id": "/subscriptions/bbe45b93-2296-483e-826c-1494457718f3/resourceGroups/RG-CC-KP-PROD",
                        "attributes": {
                            "id": "/subscriptions/bbe45b93-2296-483e-826c-1494457718f3/resourceGroups/RG-CC-KP-PROD",
                            "location": "canadacentral",
                            "name": "RG-CC-KP-PROD",
                            "tags.%": "0"
                        },
                        "meta": {},
                        "tainted": false
                    },
                    "deposed": [],
                    "provider": "provider.azurerm"
                },
                "azurerm_route_table.dmz_route_table": {
                    "type": "azurerm_route_table",
                    "depends_on": [
                        "azurerm_resource_group.rg"
                    ],
                    "primary": {
                        "id": "/subscriptions/bbe45b93-2296-483e-826c-1494457718f3/resourceGroups/RG-CC-HSOPS-PROD/providers/Microsoft.Network/routeTables/dmz_route_table",
                        "attributes": {
                            "id": "/subscriptions/bbe45b93-2296-483e-826c-1494457718f3/resourceGroups/RG-CC-HSOPS-PROD/providers/Microsoft.Network/routeTables/dmz_route_table",
                            "location": "canadacentral",
                            "name": "dmz_route_table",
                            "resource_group_name": "RG-CC-HSOPS-PROD",
                            "route.#": "2",
                            "route.0.address_prefix": "0.0.0.0/0",
                            "route.0.name": "default-route",
                            "route.0.next_hop_in_ip_address": "10.3.3.4",
                            "route.0.next_hop_type": "VirtualAppliance",
                            "route.1.address_prefix": "10.3.2.0/24",
                            "route.1.name": "dmz-to-trust",
                            "route.1.next_hop_in_ip_address": "10.3.3.4",
                            "route.1.next_hop_type": "VirtualAppliance",
                            "subnets.#": "1",
                            "subnets.1377094809": "/subscriptions/bbe45b93-2296-483e-826c-1494457718f3/resourceGroups/RG-CC-HSOPS-PROD/providers/Microsoft.Network/virtualNetworks/RG-CC-HSOPS-PROD-vnet/subnets/sn-dmz",
                            "tags.%": "0"
                        },
                        "meta": {},
                        "tainted": false
                    },
                    "deposed": [],
                    "provider": "provider.azurerm"
                },
                "azurerm_route_table.trust_route_table": {
                    "type": "azurerm_route_table",
                    "depends_on": [
                        "azurerm_resource_group.rg"
                    ],
                    "primary": {
                        "id": "/subscriptions/bbe45b93-2296-483e-826c-1494457718f3/resourceGroups/RG-CC-HSOPS-PROD/providers/Microsoft.Network/routeTables/trust_route_table",
                        "attributes": {
                            "id": "/subscriptions/bbe45b93-2296-483e-826c-1494457718f3/resourceGroups/RG-CC-HSOPS-PROD/providers/Microsoft.Network/routeTables/trust_route_table",
                            "location": "canadacentral",
                            "name": "trust_route_table",
                            "resource_group_name": "RG-CC-HSOPS-PROD",
                            "route.#": "5",
                            "route.0.address_prefix": "0.0.0.0/0",
                            "route.0.name": "default-route",
                            "route.0.next_hop_in_ip_address": "10.3.2.4",
                            "route.0.next_hop_type": "VirtualAppliance",
                            "route.1.address_prefix": "10.3.3.0/24",
                            "route.1.name": "trust-to-dmz",
                            "route.1.next_hop_in_ip_address": "10.3.2.4",
                            "route.1.next_hop_type": "VirtualAppliance",
                            "route.2.address_prefix": "10.219.42.0/23",
                            "route.2.name": "trust-to-las-42-43",
                            "route.2.next_hop_in_ip_address": "10.3.2.4",
                            "route.2.next_hop_type": "VirtualAppliance",
                            "route.3.address_prefix": "10.219.46.0/23",
                            "route.3.name": "trust-to-las-46-47",
                            "route.3.next_hop_in_ip_address": "10.3.2.4",
                            "route.3.next_hop_type": "VirtualAppliance",
                            "route.4.address_prefix": "10.219.55.0/24",
                            "route.4.name": "trust-to-las-55",
                            "route.4.next_hop_in_ip_address": "10.3.2.4",
                            "route.4.next_hop_type": "VirtualAppliance",
                            "subnets.#": "1",
                            "subnets.1127544645": "/subscriptions/bbe45b93-2296-483e-826c-1494457718f3/resourceGroups/RG-CC-HSOPS-PROD/providers/Microsoft.Network/virtualNetworks/RG-CC-HSOPS-PROD-vnet/subnets/sn-trust",
                            "tags.%": "0"
                        },
                        "meta": {},
                        "tainted": false
                    },
                    "deposed": [],
                    "provider": "provider.azurerm"
                }
            },
            "depends_on": []
        }
    ]
}
